// !$*UTF8*$!
{
	archiveVersion = 1;
	classes = {
	};
	objectVersion = 77;
	objects = {

/* Begin PBXBuildFile section */
		016DF429F8301AE8171A5C94 /* MapPlaceResolver.swift in Sources */ = {isa = PBXBuildFile; fileRef = 208207E0BC551E1C0AA0E597 /* MapPlaceResolver.swift */; };
		0287A6CD02AFDA26119DD050 /* SettingsModel.swift in Sources */ = {isa = PBXBuildFile; fileRef = FE3B27C919A28992FDEB2A3D /* SettingsModel.swift */; };
		076EC78EEEA664F8BF4FC53F /* CalendarExportClient.swift in Sources */ = {isa = PBXBuildFile; fileRef = 51AA50E3CB7A4D6C5DD50110 /* CalendarExportClient.swift */; };
		0A4F2D930190CC5D4B629BCC /* SQLiteData in Frameworks */ = {isa = PBXBuildFile; productRef = EB30B546BC69ECE08A9C6766 /* SQLiteData */; };
		0BB238241FF15660518799F8 /* GalavantSchema in Frameworks */ = {isa = PBXBuildFile; productRef = 9CF31E175F7DCB4D59EAF394 /* GalavantSchema */; };
		0D52F2373EEF284921180A85 /* IdeaRow.swift in Sources */ = {isa = PBXBuildFile; fileRef = 1EF8BE4704C36D1A6FFB14D6 /* IdeaRow.swift */; };
		1284CC7780258FD4F4425010 /* BrowserScreen.swift in Sources */ = {isa = PBXBuildFile; fileRef = 0A8181602270C693F3DBB397 /* BrowserScreen.swift */; };
		12F45B75F8F418158124463E /* GalavantSchema in Frameworks */ = {isa = PBXBuildFile; productRef = F2CB005A8EB3216DE2ACF7EF /* GalavantSchema */; };
		1478F87385340E3D96C6112D /* CalendarReconciliationModel+Ingestion.swift in Sources */ = {isa = PBXBuildFile; fileRef = 4DE96A186A7350AD7E625B04 /* CalendarReconciliationModel+Ingestion.swift */; };
		163235D89FEB136F5C5F73ED /* PoolIdentityUITests.swift in Sources */ = {isa = PBXBuildFile; fileRef = 00154E6FD53486C6ECD8CBD9 /* PoolIdentityUITests.swift */; };
		17B078D23DE21D8057EEAD7B /* TagManagerView.swift in Sources */ = {isa = PBXBuildFile; fileRef = 1D62672E298B917B0707B6F4 /* TagManagerView.swift */; };
		1AF90BB39A9A3751AA9A22E2 /* Icon.swift in Sources */ = {isa = PBXBuildFile; fileRef = EF388F1C56D173F7C5F3079C /* Icon.swift */; };
		1BA8684F8293D1EBB16FB70C /* BrowserScreenModel.swift in Sources */ = {isa = PBXBuildFile; fileRef = EC86C99C4DC8F10257E93B99 /* BrowserScreenModel.swift */; };
		1C3D2E2D9EEF8BC709447AE6 /* PoolMapUITests.swift in Sources */ = {isa = PBXBuildFile; fileRef = 17EBCBAEA0AF8C840A0DA921 /* PoolMapUITests.swift */; };
		242EC6987A08C0DCEBF3BC64 /* GalavantPlaces in Frameworks */ = {isa = PBXBuildFile; productRef = 6527A596FFD56B45F77446D0 /* GalavantPlaces */; };
		25A7842AF8875EEF8BFA2887 /* PrefersTabNavigation.swift in Sources */ = {isa = PBXBuildFile; fileRef = EDA439EDEF5339154F3D8C08 /* PrefersTabNavigation.swift */; };
		28CB0F1054F9EC0012E413AD /* GalavantCaptureUI in Frameworks */ = {isa = PBXBuildFile; productRef = 9D033329AC22FDEA57CBC830 /* GalavantCaptureUI */; };
		2BCD153BD1286735123E24B7 /* TripHeaderImageView.swift in Sources */ = {isa = PBXBuildFile; fileRef = 0E5E2C9449BAC2E031A8745F /* TripHeaderImageView.swift */; };
		35E279FA22C85810158AF02C /* DayPalette.swift in Sources */ = {isa = PBXBuildFile; fileRef = 95C568B98EA55277C2DDA065 /* DayPalette.swift */; };
		3B4EC7EE202BCED566C99202 /* CloudSyncKit in Frameworks */ = {isa = PBXBuildFile; productRef = BAB8971211A0C3E3E9C18A40 /* CloudSyncKit */; };
		3DF889FDCBE7A7C979E41F13 /* IdeasScreen.swift in Sources */ = {isa = PBXBuildFile; fileRef = E13450922E6B719B55DC57BC /* IdeasScreen.swift */; };
		3E3D5D4D88C8064A2EBEDD04 /* WeatherKit.framework in Frameworks */ = {isa = PBXBuildFile; fileRef = D40170C4D56FC7F76E1992FF /* WeatherKit.framework */; };
		3E5E8AEE7E095AEC4C47F3EE /* Dependencies in Frameworks */ = {isa = PBXBuildFile; productRef = 45E72731DDF6FA076EAEC92F /* Dependencies */; };
		41630279DF880FB556B178CF /* StopMenu.swift in Sources */ = {isa = PBXBuildFile; fileRef = B15DFF6883F3077AA8D6C591 /* StopMenu.swift */; };
		4171E2BF905DAB98B77389EB /* CertaintyStyle.swift in Sources */ = {isa = PBXBuildFile; fileRef = 3DD1C2B139D03095F082D99E /* CertaintyStyle.swift */; };
		42B830C11BA948FC11994428 /* TodayView.swift in Sources */ = {isa = PBXBuildFile; fileRef = FE86BAB449019EA409EB6C42 /* TodayView.swift */; };
		43267C623EF3B32592F6BCF0 /* TripItineraryView.swift in Sources */ = {isa = PBXBuildFile; fileRef = 6839D17655A85296477C1D5D /* TripItineraryView.swift */; };
		4344BF96EA3F3DB017E4CCDF /* InterestView.swift in Sources */ = {isa = PBXBuildFile; fileRef = 292BC932AEA1B53EB11DA125 /* InterestView.swift */; };
		466236484A344B3C7C6F3823 /* DirectionsClient.swift in Sources */ = {isa = PBXBuildFile; fileRef = 386282278C0DEBD19BF1925E /* DirectionsClient.swift */; };
		474250E4E109ADF7680100C1 /* IdentityView.swift in Sources */ = {isa = PBXBuildFile; fileRef = E049286F9F226AF86DA12541 /* IdentityView.swift */; };
		4A303DECCB8DFE842751E12F /* PoolFlowUITests.swift in Sources */ = {isa = PBXBuildFile; fileRef = 895F90CCD6B6EE453DBD785D /* PoolFlowUITests.swift */; };
		4B11AB7DFD828A1F103EB408 /* WeatherClient.swift in Sources */ = {isa = PBXBuildFile; fileRef = 530B9A2871DE84E2724A58E7 /* WeatherClient.swift */; };
		4DAAA7D1E36518BAE6613248 /* TripFormModel.swift in Sources */ = {isa = PBXBuildFile; fileRef = A20DAF6B7A5F203899F4C780 /* TripFormModel.swift */; };
		4FA9D5986A89B2B51B88F5C2 /* AppScreen.swift in Sources */ = {isa = PBXBuildFile; fileRef = 82AECABDADDBF8957A5816F8 /* AppScreen.swift */; };
		5222D1023F3D13D0B45B3FE4 /* TripAddButton.swift in Sources */ = {isa = PBXBuildFile; fileRef = DDD6629168771E53AD5C86CF /* TripAddButton.swift */; };
		52949A4330FDF85D0EBF5AEA /* LLMHandoffKit in Frameworks */ = {isa = PBXBuildFile; productRef = 4496C6F1494049E3B555A463 /* LLMHandoffKit */; };
		52FDF2960D787D40108B3780 /* Binding+Present.swift in Sources */ = {isa = PBXBuildFile; fileRef = 4784A4E4DDB7356EEF63A970 /* Binding+Present.swift */; };
		53262564E42B4E5C64231A96 /* IdeasFilterMenu.swift in Sources */ = {isa = PBXBuildFile; fileRef = 15F0079F14EE5923209192B1 /* IdeasFilterMenu.swift */; };
		565E450BE96483372954E175 /* CaptureExtraction.swift in Sources */ = {isa = PBXBuildFile; fileRef = 43D5D11997CB5E747A590622 /* CaptureExtraction.swift */; };
		57928FB375F27A957BC3FE09 /* TripHeaderPickerSheet.swift in Sources */ = {isa = PBXBuildFile; fileRef = DEEC45147F36D138F0ABA934 /* TripHeaderPickerSheet.swift */; };
		5E128AA508FD75DB537A0366 /* TripPlanningModel+Directions.swift in Sources */ = {isa = PBXBuildFile; fileRef = 0F84BC54D6D414EBFC202ED7 /* TripPlanningModel+Directions.swift */; };
		5FC0A092CF36738BE434FB6D /* IdeaCoordinate.swift in Sources */ = {isa = PBXBuildFile; fileRef = 409050F2DDFD762C631818CF /* IdeaCoordinate.swift */; };
		600B8A48EBF6C2B3E5856903 /* RecommendationWorkspaceView.swift in Sources */ = {isa = PBXBuildFile; fileRef = 57F320EF0E0815866BE1B3F0 /* RecommendationWorkspaceView.swift */; };
		626DB4453DDF7BA57BE9AF1C /* GalavantChat in Frameworks */ = {isa = PBXBuildFile; productRef = 70E3AE87004F856771C63307 /* GalavantChat */; };
		666F98ED751CC0C6994CFED4 /* LLMClientKit in Frameworks */ = {isa = PBXBuildFile; productRef = BEC45E8A60608009E9EFFDCC /* LLMClientKit */; };
		66E8ED4BF33E10641C5CA1D9 /* TripsListModel.swift in Sources */ = {isa = PBXBuildFile; fileRef = 07FF30B2A97AE7158A524026 /* TripsListModel.swift */; };
		67E36BA27F8A9760AAC49994 /* TripPlanningModel+Recommendation.swift in Sources */ = {isa = PBXBuildFile; fileRef = 47B9767D73E65C3D4D10CC30 /* TripPlanningModel+Recommendation.swift */; };
		682F837EE6170533F9F8A535 /* RecommendationHandoffSheet.swift in Sources */ = {isa = PBXBuildFile; fileRef = DC0B58BAA1F3B550A331C182 /* RecommendationHandoffSheet.swift */; };
		686D8E04502200DBC618B751 /* AppRouter.swift in Sources */ = {isa = PBXBuildFile; fileRef = EF473C91775923ADF6F5FDEF /* AppRouter.swift */; };
		6D4B81713C707877850A54BD /* MapPlaceSearchOverlay.swift in Sources */ = {isa = PBXBuildFile; fileRef = C03BF0F90A008DC4A1E8E3BA /* MapPlaceSearchOverlay.swift */; };
		6DFEFA57B8BACC403A250F18 /* ShareSeedTests.swift in Sources */ = {isa = PBXBuildFile; fileRef = 8885060D462E6E53320A2831 /* ShareSeedTests.swift */; };
		734D683130527266D1AEF8AD /* WeatherDebugView.swift in Sources */ = {isa = PBXBuildFile; fileRef = 24FAAF80343489A5540F82DF /* WeatherDebugView.swift */; };
		76E9D46A29DE8080E15D9DC8 /* TodayModel.swift in Sources */ = {isa = PBXBuildFile; fileRef = 74A40B8122D91A39A5AB2309 /* TodayModel.swift */; };
		771BA3D003504F4DE062AFFB /* StartDayPanel.swift in Sources */ = {isa = PBXBuildFile; fileRef = 2B2DC50A26F7695EC3EC536A /* StartDayPanel.swift */; };
		79754521E12644FF3AA51458 /* GalavantCaptureUI in Frameworks */ = {isa = PBXBuildFile; productRef = 45FB64BD9AB6BD913C67BFEA /* GalavantCaptureUI */; };
		7B999C65BDCCA5657877F9CD /* IdeasListModel.swift in Sources */ = {isa = PBXBuildFile; fileRef = E146770B6C9957BA19FC94EC /* IdeasListModel.swift */; };
		7C0852DE598E12CE4596E8B3 /* TodaySupportingViews.swift in Sources */ = {isa = PBXBuildFile; fileRef = CC88DBCF4AB9A9D219BFDFAD /* TodaySupportingViews.swift */; };
		7C7C4BB8F9D526D37F31BD66 /* TripPlanningView.swift in Sources */ = {isa = PBXBuildFile; fileRef = 08F3A8C38B6B2977E3D8153F /* TripPlanningView.swift */; };
		7E07A0AB874D51E0DCAD3434 /* SequencePin.swift in Sources */ = {isa = PBXBuildFile; fileRef = E35BE6CD061373B731E38031 /* SequencePin.swift */; };
		80C7B282FFA2EE185ADA79ED /* CasePaths in Frameworks */ = {isa = PBXBuildFile; productRef = 26D83C2182F9FE47C3A1CA25 /* CasePaths */; };
		82FB0503EEB4041AC202479B /* GalavantAI in Frameworks */ = {isa = PBXBuildFile; productRef = 7DEA217772737FC17F262759 /* GalavantAI */; };
		8522CC9B663EBC7844792507 /* StructuredHoursEditor.swift in Sources */ = {isa = PBXBuildFile; fileRef = 891C5DF7F4A25741DE3421FD /* StructuredHoursEditor.swift */; };
		861F0BD9CC28029356E7DF09 /* RecommendationWorkspaceModel.swift in Sources */ = {isa = PBXBuildFile; fileRef = 0620B4CD2A26F04156B150D3 /* RecommendationWorkspaceModel.swift */; };
		8B65E5CA383B4D16F3685A39 /* TripPlanningModel+Scheduling.swift in Sources */ = {isa = PBXBuildFile; fileRef = 72A6C6AEFAD6483C0E0AF70C /* TripPlanningModel+Scheduling.swift */; };
		8C1110FDA05FA4D83DCF9A4F /* IdeasListModel+Taxonomy.swift in Sources */ = {isa = PBXBuildFile; fileRef = F8D1F8D207FE25FE14CCFED7 /* IdeasListModel+Taxonomy.swift */; };
		8E5F270D961669BB1431CDAD /* IdeasListDeleteTests.swift in Sources */ = {isa = PBXBuildFile; fileRef = DFDD20F3FC13F6B974FF8181 /* IdeasListDeleteTests.swift */; };
		8E9C72B6E2A50CCF9129E6E1 /* RegionManagerView.swift in Sources */ = {isa = PBXBuildFile; fileRef = E0587DE2E1AA61B9BD3D0073 /* RegionManagerView.swift */; };
		90C301112D6C03ED59D12E2C /* IdeaFormModel.swift in Sources */ = {isa = PBXBuildFile; fileRef = 99EE3153CDA64E66C39149A9 /* IdeaFormModel.swift */; };
		9515962CEF69E6D64F9B0322 /* DemoFixtures.swift in Sources */ = {isa = PBXBuildFile; fileRef = 2CD37357C07AFC3DAE3CDAE7 /* DemoFixtures.swift */; };
		9946E181AD4D8380729C5D0E /* TripIdeasView.swift in Sources */ = {isa = PBXBuildFile; fileRef = BA0BD75B2D9BBEA758A6A8DA /* TripIdeasView.swift */; };
		9C1C9676A64367844856918E /* TripsScreen.swift in Sources */ = {isa = PBXBuildFile; fileRef = BC5C21FC298AEA29CFE09DC6 /* TripsScreen.swift */; };
		9C3779832B3D8728517D947A /* PoolMapView.swift in Sources */ = {isa = PBXBuildFile; fileRef = 1791F203077D8B7907351B9F /* PoolMapView.swift */; };
		A2C1176CC512E1165C7FA3AE /* TravelProfileEditView.swift in Sources */ = {isa = PBXBuildFile; fileRef = 549199D3FB7222F5D893194E /* TravelProfileEditView.swift */; };
		A2E63468073408305AED0762 /* SyncSeedTests.swift in Sources */ = {isa = PBXBuildFile; fileRef = C0A1B810182571FD874E4261 /* SyncSeedTests.swift */; };
		A3E2170E96CDF9C7D76B89E6 /* PlanningRow.swift in Sources */ = {isa = PBXBuildFile; fileRef = 97954EEA93EDDCB81E746016 /* PlanningRow.swift */; };
		A4CB29CDDE7511750823B841 /* TripPlanningSheets.swift in Sources */ = {isa = PBXBuildFile; fileRef = 74F16970DCFE2E14E475DB66 /* TripPlanningSheets.swift */; };
		A6E6DE98160B52B068BB18D5 /* DependenciesTestSupport in Frameworks */ = {isa = PBXBuildFile; productRef = BD0B4611AC664044BD5BEBD1 /* DependenciesTestSupport */; };
		A784199C3F004D6FA2D80B05 /* Assets.xcassets in Resources */ = {isa = PBXBuildFile; fileRef = 080E46AACA8A4087FB22F116 /* Assets.xcassets */; };
		A9D8F7500DA570A20F8DE8B1 /* TripDetailContent.swift in Sources */ = {isa = PBXBuildFile; fileRef = 07A4BE5288975EEF3DA91B16 /* TripDetailContent.swift */; };
		AD17477A05EDF3DE9D52E3A5 /* RegionManagementSettingsModel.swift in Sources */ = {isa = PBXBuildFile; fileRef = 02F3EA63CB8A4B8B546438F5 /* RegionManagementSettingsModel.swift */; };
		AE8E879DAE606B08A60BC6D7 /* TagPickerView.swift in Sources */ = {isa = PBXBuildFile; fileRef = 9D34C61AE3B675F5D6CCDDDD /* TagPickerView.swift */; };
		B18CAB3F9D57980B501FEE56 /* ExtensionPreProcessing.js in Resources */ = {isa = PBXBuildFile; fileRef = D180C34C8C9F3983F7CF9CFB /* ExtensionPreProcessing.js */; };
		B5C9C13675D88912AC33E3D7 /* SettingsScreen.swift in Sources */ = {isa = PBXBuildFile; fileRef = 56F1C96A9E48EE73DC2B6D08 /* SettingsScreen.swift */; };
		BA6DC33C006D131C9DDA042C /* DayChipBar.swift in Sources */ = {isa = PBXBuildFile; fileRef = BAA9983C3B6D9D9B731F96F9 /* DayChipBar.swift */; };
		BC168628E33830089E560CB9 /* CalendarExportModel.swift in Sources */ = {isa = PBXBuildFile; fileRef = C8BA5355102262E8FF3F053B /* CalendarExportModel.swift */; };
		BC89E64DDA8A0975A83107D5 /* StackedForm.swift in Sources */ = {isa = PBXBuildFile; fileRef = 371FEFD498525E0EA4709909 /* StackedForm.swift */; };
		BE4EC3D93E562C6724906B1A /* RegionManagementSettingsView.swift in Sources */ = {isa = PBXBuildFile; fileRef = F84C0FF0F99E3606279BB42C /* RegionManagementSettingsView.swift */; };
		C00CC22E1860FAA90381B866 /* WebExtractorKit in Frameworks */ = {isa = PBXBuildFile; productRef = 4D543244A7EA1E4F10D196DF /* WebExtractorKit */; };
		C0D128FB3AAE61FF0C72B45B /* AISettingsModel.swift in Sources */ = {isa = PBXBuildFile; fileRef = 3C4838518F023973640A8AEE /* AISettingsModel.swift */; };
		C26FCB90CCEB03C82F359643 /* TravelProfileEditModel.swift in Sources */ = {isa = PBXBuildFile; fileRef = 7ADB3989E3E45A67BB33FB7F /* TravelProfileEditModel.swift */; };
		C2FC789EE1F80B257FC7D7DA /* PlaceIdeaSheet.swift in Sources */ = {isa = PBXBuildFile; fileRef = 0EFBA67DB304DCD293D72575 /* PlaceIdeaSheet.swift */; };
		C35DFF6146C22E149BA1D6AD /* RecommendationCandidateStrip.swift in Sources */ = {isa = PBXBuildFile; fileRef = 9E4F11F80427DFD1A59F56B7 /* RecommendationCandidateStrip.swift */; };
		C4D03D83083C9022183ABEF2 /* TripPlanningModel.swift in Sources */ = {isa = PBXBuildFile; fileRef = 8238F43F540641D1FD4267BA /* TripPlanningModel.swift */; };
		C6651664BD80959BDC624431 /* IdeaPersistenceTests.swift in Sources */ = {isa = PBXBuildFile; fileRef = 51B1DF18254B63AD4237897B /* IdeaPersistenceTests.swift */; };
		C78DAFF388E693F308C398EF /* AISettingsSections.swift in Sources */ = {isa = PBXBuildFile; fileRef = 201134A6F0FAB081A677EB63 /* AISettingsSections.swift */; };
		C7FC1AA264B96268F69FC474 /* ChatPanelView.swift in Sources */ = {isa = PBXBuildFile; fileRef = C01187279655F718B34FA9DC /* ChatPanelView.swift */; };
		CB26B0D5725B3BB39E4E1839 /* CalendarReconciliationRows.swift in Sources */ = {isa = PBXBuildFile; fileRef = 4AD2C1DE54AEA038F84042CC /* CalendarReconciliationRows.swift */; };
		CBD322C7EF720E884780D9D9 /* RecommendationWorkspaceModel+Projection.swift in Sources */ = {isa = PBXBuildFile; fileRef = FCB153EAAD14C2A632110033 /* RecommendationWorkspaceModel+Projection.swift */; };
		CFF79112580C0EBC8D933DE2 /* IdeaDetailView.swift in Sources */ = {isa = PBXBuildFile; fileRef = 3F02C470667EF6E9AC8AC761 /* IdeaDetailView.swift */; };
		D1D88C6469FB21204DA80CA3 /* ReorderDifference+Apply.swift in Sources */ = {isa = PBXBuildFile; fileRef = 91589ABCCE6CEFC2EC1F72F4 /* ReorderDifference+Apply.swift */; };
		D852704AE73F605F6205258E /* SyncStatusSection.swift in Sources */ = {isa = PBXBuildFile; fileRef = 8DC1E6463D9CC2DF49548F37 /* SyncStatusSection.swift */; };
		D992DF9897F424912B7ED10C /* TripBadgeView.swift in Sources */ = {isa = PBXBuildFile; fileRef = EC86C7931F1026669DFCE6AB /* TripBadgeView.swift */; };
		DA333E1DC58A089ED9E9C3E1 /* GalavantApp.swift in Sources */ = {isa = PBXBuildFile; fileRef = 43AABFB8B03E2303AECAF355 /* GalavantApp.swift */; };
		DA85FF15D14C272FA8D11E03 /* TripFormView.swift in Sources */ = {isa = PBXBuildFile; fileRef = 803A41898CEB755AAE0E4A68 /* TripFormView.swift */; };
		E0CB76C004B10C1F20EC249A /* IdeaFormView.swift in Sources */ = {isa = PBXBuildFile; fileRef = 9C956244AC0CCEFCA45A4128 /* IdeaFormView.swift */; };
		E291A3A716DDBC83661706CB /* SyncHealthModel.swift in Sources */ = {isa = PBXBuildFile; fileRef = E00FB978F8AEB5F20B8B8C5D /* SyncHealthModel.swift */; };
		E38A40C5C21F4D1087CDE391 /* GalavantShare.appex in Embed Foundation Extensions */ = {isa = PBXBuildFile; fileRef = 5F046B49AE38F92268A2FA12 /* GalavantShare.appex */; settings = {ATTRIBUTES = (RemoveHeadersOnCopy, ); }; };
		E4012E1E8A6634279CD3ECFA /* Sharing in Frameworks */ = {isa = PBXBuildFile; productRef = 5A93A34322120B8F1DC99E7B /* Sharing */; };
		E77D186E6B692AD25BC8C9F3 /* SwiftUINavigation in Frameworks */ = {isa = PBXBuildFile; productRef = A0C2774E35241633FE89B7A7 /* SwiftUINavigation */; };
		EFF6015EBFCC08925785A2EB /* EvaluateScreen.swift in Sources */ = {isa = PBXBuildFile; fileRef = D48C8AE52183B8D3DE346D07 /* EvaluateScreen.swift */; };
		F009B3192D02321202419379 /* ShareViewController.swift in Sources */ = {isa = PBXBuildFile; fileRef = C5AD27A1248EEA1D9B580277 /* ShareViewController.swift */; };
		F03422C3671BFFD56B78737A /* TripCanvasMapView.swift in Sources */ = {isa = PBXBuildFile; fileRef = ED4DA130D3A7069430825C31 /* TripCanvasMapView.swift */; };
		F236D648886F9BA4EF2CCCCB /* GalavantPlaces in Frameworks */ = {isa = PBXBuildFile; productRef = C94234B5AEF12EA0F921B5B0 /* GalavantPlaces */; };
		F41E8D178B9FE462E5E797F5 /* AppContainer.swift in Sources */ = {isa = PBXBuildFile; fileRef = EA2BBF3B289FD7D02957833B /* AppContainer.swift */; };
		F569C91AF0E8633E066AA600 /* SQLiteData in Frameworks */ = {isa = PBXBuildFile; productRef = A641D3ABA375BA009278F435 /* SQLiteData */; };
		F57648A300EA9E12818CF2AC /* WeatherAttributionLink.swift in Sources */ = {isa = PBXBuildFile; fileRef = A5F159E1049DE135201C5821 /* WeatherAttributionLink.swift */; };
		F82D8FFDDCDBA5EEC7FED0AB /* TripCard.swift in Sources */ = {isa = PBXBuildFile; fileRef = 1CBA766947DA059C035C1937 /* TripCard.swift */; };
		FF6492EB056141CC9F75093F /* Dependencies in Frameworks */ = {isa = PBXBuildFile; productRef = C6C18315C28F69E95AB54F85 /* Dependencies */; };
/* End PBXBuildFile section */

/* Begin PBXContainerItemProxy section */
		5579862B2324A9ED729664DF /* PBXContainerItemProxy */ = {
			isa = PBXContainerItemProxy;
			containerPortal = 4696E494F4F89DBC9D49F7C9 /* Project object */;
			proxyType = 1;
			remoteGlobalIDString = 2A483A405202F2FF5C8B5D34;
			remoteInfo = Galavant;
		};
		6EE4A9EB2443E18E0F1263E8 /* PBXContainerItemProxy */ = {
			isa = PBXContainerItemProxy;
			containerPortal = 4696E494F4F89DBC9D49F7C9 /* Project object */;
			proxyType = 1;
			remoteGlobalIDString = 6CECB534761064AC5A66DA2C;
			remoteInfo = GalavantShare;
		};
		829BEBE853D356ED053916BE /* PBXContainerItemProxy */ = {
			isa = PBXContainerItemProxy;
			containerPortal = 4696E494F4F89DBC9D49F7C9 /* Project object */;
			proxyType = 1;
			remoteGlobalIDString = 2A483A405202F2FF5C8B5D34;
			remoteInfo = Galavant;
		};
/* End PBXContainerItemProxy section */

/* Begin PBXCopyFilesBuildPhase section */
		4B35866B68AEE8CE816377C9 /* Embed Foundation Extensions */ = {
			isa = PBXCopyFilesBuildPhase;
			buildActionMask = 2147483647;
			dstPath = "";
			dstSubfolderSpec = 13;
			files = (
				E38A40C5C21F4D1087CDE391 /* GalavantShare.appex in Embed Foundation Extensions */,
			);
			name = "Embed Foundation Extensions";
			runOnlyForDeploymentPostprocessing = 0;
		};
/* End PBXCopyFilesBuildPhase section */

/* Begin PBXFileReference section */
		00154E6FD53486C6ECD8CBD9 /* PoolIdentityUITests.swift */ = {isa = PBXFileReference; lastKnownFileType = sourcecode.swift; path = PoolIdentityUITests.swift; sourceTree = "<group>"; };
		02F3EA63CB8A4B8B546438F5 /* RegionManagementSettingsModel.swift */ = {isa = PBXFileReference; lastKnownFileType = sourcecode.swift; path = RegionManagementSettingsModel.swift; sourceTree = "<group>"; };
		0620B4CD2A26F04156B150D3 /* RecommendationWorkspaceModel.swift */ = {isa = PBXFileReference; lastKnownFileType = sourcecode.swift; path = RecommendationWorkspaceModel.swift; sourceTree = "<group>"; };
		07A4BE5288975EEF3DA91B16 /* TripDetailContent.swift */ = {isa = PBXFileReference; lastKnownFileType = sourcecode.swift; path = TripDetailContent.swift; sourceTree = "<group>"; };
		07FF30B2A97AE7158A524026 /* TripsListModel.swift */ = {isa = PBXFileReference; lastKnownFileType = sourcecode.swift; path = TripsListModel.swift; sourceTree = "<group>"; };
		080E46AACA8A4087FB22F116 /* Assets.xcassets */ = {isa = PBXFileReference; lastKnownFileType = folder.assetcatalog; path = Assets.xcassets; sourceTree = "<group>"; };
		0875D5B7D1A0BAAA7A6A2F1C /* Secrets.xcconfig */ = {isa = PBXFileReference; lastKnownFileType = text.xcconfig; path = Secrets.xcconfig; sourceTree = "<group>"; };
		08F3A8C38B6B2977E3D8153F /* TripPlanningView.swift */ = {isa = PBXFileReference; lastKnownFileType = sourcecode.swift; path = TripPlanningView.swift; sourceTree = "<group>"; };
		0A8181602270C693F3DBB397 /* BrowserScreen.swift */ = {isa = PBXFileReference; lastKnownFileType = sourcecode.swift; path = BrowserScreen.swift; sourceTree = "<group>"; };
		0CA9E000AA9AEEE1E3D68F79 /* GalavantUITests.xctest */ = {isa = PBXFileReference; includeInIndex = 0; lastKnownFileType = wrapper.cfbundle; path = GalavantUITests.xctest; sourceTree = BUILT_PRODUCTS_DIR; };
		0E5E2C9449BAC2E031A8745F /* TripHeaderImageView.swift */ = {isa = PBXFileReference; lastKnownFileType = sourcecode.swift; path = TripHeaderImageView.swift; sourceTree = "<group>"; };
		0EFBA67DB304DCD293D72575 /* PlaceIdeaSheet.swift */ = {isa = PBXFileReference; lastKnownFileType = sourcecode.swift; path = PlaceIdeaSheet.swift; sourceTree = "<group>"; };
		0F84BC54D6D414EBFC202ED7 /* TripPlanningModel+Directions.swift */ = {isa = PBXFileReference; lastKnownFileType = sourcecode.swift; path = "TripPlanningModel+Directions.swift"; sourceTree = "<group>"; };
		15F0079F14EE5923209192B1 /* IdeasFilterMenu.swift */ = {isa = PBXFileReference; lastKnownFileType = sourcecode.swift; path = IdeasFilterMenu.swift; sourceTree = "<group>"; };
		1791F203077D8B7907351B9F /* PoolMapView.swift */ = {isa = PBXFileReference; lastKnownFileType = sourcecode.swift; path = PoolMapView.swift; sourceTree = "<group>"; };
		17EBCBAEA0AF8C840A0DA921 /* PoolMapUITests.swift */ = {isa = PBXFileReference; lastKnownFileType = sourcecode.swift; path = PoolMapUITests.swift; sourceTree = "<group>"; };
		1CBA766947DA059C035C1937 /* TripCard.swift */ = {isa = PBXFileReference; lastKnownFileType = sourcecode.swift; path = TripCard.swift; sourceTree = "<group>"; };
		1D62672E298B917B0707B6F4 /* TagManagerView.swift */ = {isa = PBXFileReference; lastKnownFileType = sourcecode.swift; path = TagManagerView.swift; sourceTree = "<group>"; };
		1EF8BE4704C36D1A6FFB14D6 /* IdeaRow.swift */ = {isa = PBXFileReference; lastKnownFileType = sourcecode.swift; path = IdeaRow.swift; sourceTree = "<group>"; };
		201134A6F0FAB081A677EB63 /* AISettingsSections.swift */ = {isa = PBXFileReference; lastKnownFileType = sourcecode.swift; path = AISettingsSections.swift; sourceTree = "<group>"; };
		208207E0BC551E1C0AA0E597 /* MapPlaceResolver.swift */ = {isa = PBXFileReference; lastKnownFileType = sourcecode.swift; path = MapPlaceResolver.swift; sourceTree = "<group>"; };
		24FAAF80343489A5540F82DF /* WeatherDebugView.swift */ = {isa = PBXFileReference; lastKnownFileType = sourcecode.swift; path = WeatherDebugView.swift; sourceTree = "<group>"; };
		292BC932AEA1B53EB11DA125 /* InterestView.swift */ = {isa = PBXFileReference; lastKnownFileType = sourcecode.swift; path = InterestView.swift; sourceTree = "<group>"; };
		2B2DC50A26F7695EC3EC536A /* StartDayPanel.swift */ = {isa = PBXFileReference; lastKnownFileType = sourcecode.swift; path = StartDayPanel.swift; sourceTree = "<group>"; };
		2CD37357C07AFC3DAE3CDAE7 /* DemoFixtures.swift */ = {isa = PBXFileReference; lastKnownFileType = sourcecode.swift; path = DemoFixtures.swift; sourceTree = "<group>"; };
		371FEFD498525E0EA4709909 /* StackedForm.swift */ = {isa = PBXFileReference; lastKnownFileType = sourcecode.swift; path = StackedForm.swift; sourceTree = "<group>"; };
		386282278C0DEBD19BF1925E /* DirectionsClient.swift */ = {isa = PBXFileReference; lastKnownFileType = sourcecode.swift; path = DirectionsClient.swift; sourceTree = "<group>"; };
		3B4B4DEA7489F67D7E16FD7D /* WebExtractorKit */ = {isa = PBXFileReference; lastKnownFileType = folder; name = WebExtractorKit; path = "../../jon-platform/packages/WebExtractorKit"; sourceTree = SOURCE_ROOT; };
		3C4838518F023973640A8AEE /* AISettingsModel.swift */ = {isa = PBXFileReference; lastKnownFileType = sourcecode.swift; path = AISettingsModel.swift; sourceTree = "<group>"; };
		3DD1C2B139D03095F082D99E /* CertaintyStyle.swift */ = {isa = PBXFileReference; lastKnownFileType = sourcecode.swift; path = CertaintyStyle.swift; sourceTree = "<group>"; };
		3F02C470667EF6E9AC8AC761 /* IdeaDetailView.swift */ = {isa = PBXFileReference; lastKnownFileType = sourcecode.swift; path = IdeaDetailView.swift; sourceTree = "<group>"; };
		409050F2DDFD762C631818CF /* IdeaCoordinate.swift */ = {isa = PBXFileReference; lastKnownFileType = sourcecode.swift; path = IdeaCoordinate.swift; sourceTree = "<group>"; };
		43AABFB8B03E2303AECAF355 /* GalavantApp.swift */ = {isa = PBXFileReference; lastKnownFileType = sourcecode.swift; path = GalavantApp.swift; sourceTree = "<group>"; };
		43D5D11997CB5E747A590622 /* CaptureExtraction.swift */ = {isa = PBXFileReference; lastKnownFileType = sourcecode.swift; path = CaptureExtraction.swift; sourceTree = "<group>"; };
		4784A4E4DDB7356EEF63A970 /* Binding+Present.swift */ = {isa = PBXFileReference; lastKnownFileType = sourcecode.swift; path = "Binding+Present.swift"; sourceTree = "<group>"; };
		47B9767D73E65C3D4D10CC30 /* TripPlanningModel+Recommendation.swift */ = {isa = PBXFileReference; lastKnownFileType = sourcecode.swift; path = "TripPlanningModel+Recommendation.swift"; sourceTree = "<group>"; };
		481F7DF2E79BF7E59A1CEC62 /* LLMHandoffKit */ = {isa = PBXFileReference; lastKnownFileType = folder; name = LLMHandoffKit; path = "../../jon-platform/packages/LLMHandoffKit"; sourceTree = SOURCE_ROOT; };
		4AD2C1DE54AEA038F84042CC /* CalendarReconciliationRows.swift */ = {isa = PBXFileReference; lastKnownFileType = sourcecode.swift; path = CalendarReconciliationRows.swift; sourceTree = "<group>"; };
		4DE96A186A7350AD7E625B04 /* CalendarReconciliationModel+Ingestion.swift */ = {isa = PBXFileReference; lastKnownFileType = sourcecode.swift; path = "CalendarReconciliationModel+Ingestion.swift"; sourceTree = "<group>"; };
		51AA50E3CB7A4D6C5DD50110 /* CalendarExportClient.swift */ = {isa = PBXFileReference; lastKnownFileType = sourcecode.swift; path = CalendarExportClient.swift; sourceTree = "<group>"; };
		51B1DF18254B63AD4237897B /* IdeaPersistenceTests.swift */ = {isa = PBXFileReference; lastKnownFileType = sourcecode.swift; path = IdeaPersistenceTests.swift; sourceTree = "<group>"; };
		530B9A2871DE84E2724A58E7 /* WeatherClient.swift */ = {isa = PBXFileReference; lastKnownFileType = sourcecode.swift; path = WeatherClient.swift; sourceTree = "<group>"; };
		549199D3FB7222F5D893194E /* TravelProfileEditView.swift */ = {isa = PBXFileReference; lastKnownFileType = sourcecode.swift; path = TravelProfileEditView.swift; sourceTree = "<group>"; };
		56F1C96A9E48EE73DC2B6D08 /* SettingsScreen.swift */ = {isa = PBXFileReference; lastKnownFileType = sourcecode.swift; path = SettingsScreen.swift; sourceTree = "<group>"; };
		57F320EF0E0815866BE1B3F0 /* RecommendationWorkspaceView.swift */ = {isa = PBXFileReference; lastKnownFileType = sourcecode.swift; path = RecommendationWorkspaceView.swift; sourceTree = "<group>"; };
		5F046B49AE38F92268A2FA12 /* GalavantShare.appex */ = {isa = PBXFileReference; includeInIndex = 0; lastKnownFileType = "wrapper.app-extension"; path = GalavantShare.appex; sourceTree = BUILT_PRODUCTS_DIR; };
		6839D17655A85296477C1D5D /* TripItineraryView.swift */ = {isa = PBXFileReference; lastKnownFileType = sourcecode.swift; path = TripItineraryView.swift; sourceTree = "<group>"; };
		72A6C6AEFAD6483C0E0AF70C /* TripPlanningModel+Scheduling.swift */ = {isa = PBXFileReference; lastKnownFileType = sourcecode.swift; path = "TripPlanningModel+Scheduling.swift"; sourceTree = "<group>"; };
		73160C3B106A29D6005A8859 /* LLMClientKit */ = {isa = PBXFileReference; lastKnownFileType = folder; name = LLMClientKit; path = "../../jon-platform/packages/LLMClientKit"; sourceTree = SOURCE_ROOT; };
		74A40B8122D91A39A5AB2309 /* TodayModel.swift */ = {isa = PBXFileReference; lastKnownFileType = sourcecode.swift; path = TodayModel.swift; sourceTree = "<group>"; };
		74F16970DCFE2E14E475DB66 /* TripPlanningSheets.swift */ = {isa = PBXFileReference; lastKnownFileType = sourcecode.swift; path = TripPlanningSheets.swift; sourceTree = "<group>"; };
		7ADB3989E3E45A67BB33FB7F /* TravelProfileEditModel.swift */ = {isa = PBXFileReference; lastKnownFileType = sourcecode.swift; path = TravelProfileEditModel.swift; sourceTree = "<group>"; };
		803A41898CEB755AAE0E4A68 /* TripFormView.swift */ = {isa = PBXFileReference; lastKnownFileType = sourcecode.swift; path = TripFormView.swift; sourceTree = "<group>"; };
		8238F43F540641D1FD4267BA /* TripPlanningModel.swift */ = {isa = PBXFileReference; lastKnownFileType = sourcecode.swift; path = TripPlanningModel.swift; sourceTree = "<group>"; };
		82AECABDADDBF8957A5816F8 /* AppScreen.swift */ = {isa = PBXFileReference; lastKnownFileType = sourcecode.swift; path = AppScreen.swift; sourceTree = "<group>"; };
		8885060D462E6E53320A2831 /* ShareSeedTests.swift */ = {isa = PBXFileReference; lastKnownFileType = sourcecode.swift; path = ShareSeedTests.swift; sourceTree = "<group>"; };
		891C5DF7F4A25741DE3421FD /* StructuredHoursEditor.swift */ = {isa = PBXFileReference; lastKnownFileType = sourcecode.swift; path = StructuredHoursEditor.swift; sourceTree = "<group>"; };
		895F90CCD6B6EE453DBD785D /* PoolFlowUITests.swift */ = {isa = PBXFileReference; lastKnownFileType = sourcecode.swift; path = PoolFlowUITests.swift; sourceTree = "<group>"; };
		8DC1E6463D9CC2DF49548F37 /* SyncStatusSection.swift */ = {isa = PBXFileReference; lastKnownFileType = sourcecode.swift; path = SyncStatusSection.swift; sourceTree = "<group>"; };
		91589ABCCE6CEFC2EC1F72F4 /* ReorderDifference+Apply.swift */ = {isa = PBXFileReference; lastKnownFileType = sourcecode.swift; path = "ReorderDifference+Apply.swift"; sourceTree = "<group>"; };
		92EB0541350B5FCB540931D3 /* Info.plist */ = {isa = PBXFileReference; lastKnownFileType = text.plist; path = Info.plist; sourceTree = "<group>"; };
		95C568B98EA55277C2DDA065 /* DayPalette.swift */ = {isa = PBXFileReference; lastKnownFileType = sourcecode.swift; path = DayPalette.swift; sourceTree = "<group>"; };
		97954EEA93EDDCB81E746016 /* PlanningRow.swift */ = {isa = PBXFileReference; lastKnownFileType = sourcecode.swift; path = PlanningRow.swift; sourceTree = "<group>"; };
		99EE3153CDA64E66C39149A9 /* IdeaFormModel.swift */ = {isa = PBXFileReference; lastKnownFileType = sourcecode.swift; path = IdeaFormModel.swift; sourceTree = "<group>"; };
		9C956244AC0CCEFCA45A4128 /* IdeaFormView.swift */ = {isa = PBXFileReference; lastKnownFileType = sourcecode.swift; path = IdeaFormView.swift; sourceTree = "<group>"; };
		9D34C61AE3B675F5D6CCDDDD /* TagPickerView.swift */ = {isa = PBXFileReference; lastKnownFileType = sourcecode.swift; path = TagPickerView.swift; sourceTree = "<group>"; };
		9E4F11F80427DFD1A59F56B7 /* RecommendationCandidateStrip.swift */ = {isa = PBXFileReference; lastKnownFileType = sourcecode.swift; path = RecommendationCandidateStrip.swift; sourceTree = "<group>"; };
		9FEEBBB70BFDC82C3176AA53 /* GalavantTests.xctest */ = {isa = PBXFileReference; includeInIndex = 0; lastKnownFileType = wrapper.cfbundle; path = GalavantTests.xctest; sourceTree = BUILT_PRODUCTS_DIR; };
		A20DAF6B7A5F203899F4C780 /* TripFormModel.swift */ = {isa = PBXFileReference; lastKnownFileType = sourcecode.swift; path = TripFormModel.swift; sourceTree = "<group>"; };
		A5F159E1049DE135201C5821 /* WeatherAttributionLink.swift */ = {isa = PBXFileReference; lastKnownFileType = sourcecode.swift; path = WeatherAttributionLink.swift; sourceTree = "<group>"; };
		AD3E24952C44337E688A4D00 /* Galavant.app */ = {isa = PBXFileReference; includeInIndex = 0; lastKnownFileType = wrapper.application; path = Galavant.app; sourceTree = BUILT_PRODUCTS_DIR; };
		B15DFF6883F3077AA8D6C591 /* StopMenu.swift */ = {isa = PBXFileReference; lastKnownFileType = sourcecode.swift; path = StopMenu.swift; sourceTree = "<group>"; };
		BA0BD75B2D9BBEA758A6A8DA /* TripIdeasView.swift */ = {isa = PBXFileReference; lastKnownFileType = sourcecode.swift; path = TripIdeasView.swift; sourceTree = "<group>"; };
		BAA9983C3B6D9D9B731F96F9 /* DayChipBar.swift */ = {isa = PBXFileReference; lastKnownFileType = sourcecode.swift; path = DayChipBar.swift; sourceTree = "<group>"; };
		BC5C21FC298AEA29CFE09DC6 /* TripsScreen.swift */ = {isa = PBXFileReference; lastKnownFileType = sourcecode.swift; path = TripsScreen.swift; sourceTree = "<group>"; };
		C01187279655F718B34FA9DC /* ChatPanelView.swift */ = {isa = PBXFileReference; lastKnownFileType = sourcecode.swift; path = ChatPanelView.swift; sourceTree = "<group>"; };
		C03BF0F90A008DC4A1E8E3BA /* MapPlaceSearchOverlay.swift */ = {isa = PBXFileReference; lastKnownFileType = sourcecode.swift; path = MapPlaceSearchOverlay.swift; sourceTree = "<group>"; };
		C071E50FDA62E29FC448F993 /* GalavantLibrary */ = {isa = PBXFileReference; lastKnownFileType = folder; name = GalavantLibrary; path = GalavantLibrary; sourceTree = SOURCE_ROOT; };
		C0A1B810182571FD874E4261 /* SyncSeedTests.swift */ = {isa = PBXFileReference; lastKnownFileType = sourcecode.swift; path = SyncSeedTests.swift; sourceTree = "<group>"; };
		C5AD27A1248EEA1D9B580277 /* ShareViewController.swift */ = {isa = PBXFileReference; lastKnownFileType = sourcecode.swift; path = ShareViewController.swift; sourceTree = "<group>"; };
		C8BA5355102262E8FF3F053B /* CalendarExportModel.swift */ = {isa = PBXFileReference; lastKnownFileType = sourcecode.swift; path = CalendarExportModel.swift; sourceTree = "<group>"; };
		CC16D0C39AA361A09737B45F /* Galavant.entitlements */ = {isa = PBXFileReference; lastKnownFileType = text.plist.entitlements; path = Galavant.entitlements; sourceTree = "<group>"; };
		CC88DBCF4AB9A9D219BFDFAD /* TodaySupportingViews.swift */ = {isa = PBXFileReference; lastKnownFileType = sourcecode.swift; path = TodaySupportingViews.swift; sourceTree = "<group>"; };
		D180C34C8C9F3983F7CF9CFB /* ExtensionPreProcessing.js */ = {isa = PBXFileReference; lastKnownFileType = sourcecode.javascript; path = ExtensionPreProcessing.js; sourceTree = "<group>"; };
		D3BFE6AAFB0EDC36E3BB7755 /* GalavantShare.entitlements */ = {isa = PBXFileReference; lastKnownFileType = text.plist.entitlements; path = GalavantShare.entitlements; sourceTree = "<group>"; };
		D40170C4D56FC7F76E1992FF /* WeatherKit.framework */ = {isa = PBXFileReference; lastKnownFileType = wrapper.framework; name = WeatherKit.framework; path = System/Library/Frameworks/WeatherKit.framework; sourceTree = SDKROOT; };
		D48C8AE52183B8D3DE346D07 /* EvaluateScreen.swift */ = {isa = PBXFileReference; lastKnownFileType = sourcecode.swift; path = EvaluateScreen.swift; sourceTree = "<group>"; };
		D8A01FBA56D01193ABBE48E6 /* Info.plist */ = {isa = PBXFileReference; lastKnownFileType = text.plist; path = Info.plist; sourceTree = "<group>"; };
		DC0B58BAA1F3B550A331C182 /* RecommendationHandoffSheet.swift */ = {isa = PBXFileReference; lastKnownFileType = sourcecode.swift; path = RecommendationHandoffSheet.swift; sourceTree = "<group>"; };
		DDD6629168771E53AD5C86CF /* TripAddButton.swift */ = {isa = PBXFileReference; lastKnownFileType = sourcecode.swift; path = TripAddButton.swift; sourceTree = "<group>"; };
		DEEC45147F36D138F0ABA934 /* TripHeaderPickerSheet.swift */ = {isa = PBXFileReference; lastKnownFileType = sourcecode.swift; path = TripHeaderPickerSheet.swift; sourceTree = "<group>"; };
		DFDD20F3FC13F6B974FF8181 /* IdeasListDeleteTests.swift */ = {isa = PBXFileReference; lastKnownFileType = sourcecode.swift; path = IdeasListDeleteTests.swift; sourceTree = "<group>"; };
		E00FB978F8AEB5F20B8B8C5D /* SyncHealthModel.swift */ = {isa = PBXFileReference; lastKnownFileType = sourcecode.swift; path = SyncHealthModel.swift; sourceTree = "<group>"; };
		E049286F9F226AF86DA12541 /* IdentityView.swift */ = {isa = PBXFileReference; lastKnownFileType = sourcecode.swift; path = IdentityView.swift; sourceTree = "<group>"; };
		E0587DE2E1AA61B9BD3D0073 /* RegionManagerView.swift */ = {isa = PBXFileReference; lastKnownFileType = sourcecode.swift; path = RegionManagerView.swift; sourceTree = "<group>"; };
		E13450922E6B719B55DC57BC /* IdeasScreen.swift */ = {isa = PBXFileReference; lastKnownFileType = sourcecode.swift; path = IdeasScreen.swift; sourceTree = "<group>"; };
		E146770B6C9957BA19FC94EC /* IdeasListModel.swift */ = {isa = PBXFileReference; lastKnownFileType = sourcecode.swift; path = IdeasListModel.swift; sourceTree = "<group>"; };
		E35BE6CD061373B731E38031 /* SequencePin.swift */ = {isa = PBXFileReference; lastKnownFileType = sourcecode.swift; path = SequencePin.swift; sourceTree = "<group>"; };
		E818B469EB6F7EB6FB4F33D6 /* CloudSyncKit */ = {isa = PBXFileReference; lastKnownFileType = folder; name = CloudSyncKit; path = "../../jon-platform/packages/CloudSyncKit"; sourceTree = SOURCE_ROOT; };
		EA2BBF3B289FD7D02957833B /* AppContainer.swift */ = {isa = PBXFileReference; lastKnownFileType = sourcecode.swift; path = AppContainer.swift; sourceTree = "<group>"; };
		EC86C7931F1026669DFCE6AB /* TripBadgeView.swift */ = {isa = PBXFileReference; lastKnownFileType = sourcecode.swift; path = TripBadgeView.swift; sourceTree = "<group>"; };
		EC86C99C4DC8F10257E93B99 /* BrowserScreenModel.swift */ = {isa = PBXFileReference; lastKnownFileType = sourcecode.swift; path = BrowserScreenModel.swift; sourceTree = "<group>"; };
		ED4DA130D3A7069430825C31 /* TripCanvasMapView.swift */ = {isa = PBXFileReference; lastKnownFileType = sourcecode.swift; path = TripCanvasMapView.swift; sourceTree = "<group>"; };
		EDA439EDEF5339154F3D8C08 /* PrefersTabNavigation.swift */ = {isa = PBXFileReference; lastKnownFileType = sourcecode.swift; path = PrefersTabNavigation.swift; sourceTree = "<group>"; };
		EF388F1C56D173F7C5F3079C /* Icon.swift */ = {isa = PBXFileReference; lastKnownFileType = sourcecode.swift; path = Icon.swift; sourceTree = "<group>"; };
		EF473C91775923ADF6F5FDEF /* AppRouter.swift */ = {isa = PBXFileReference; lastKnownFileType = sourcecode.swift; path = AppRouter.swift; sourceTree = "<group>"; };
		F84C0FF0F99E3606279BB42C /* RegionManagementSettingsView.swift */ = {isa = PBXFileReference; lastKnownFileType = sourcecode.swift; path = RegionManagementSettingsView.swift; sourceTree = "<group>"; };
		F8D1F8D207FE25FE14CCFED7 /* IdeasListModel+Taxonomy.swift */ = {isa = PBXFileReference; lastKnownFileType = sourcecode.swift; path = "IdeasListModel+Taxonomy.swift"; sourceTree = "<group>"; };
		FCB153EAAD14C2A632110033 /* RecommendationWorkspaceModel+Projection.swift */ = {isa = PBXFileReference; lastKnownFileType = sourcecode.swift; path = "RecommendationWorkspaceModel+Projection.swift"; sourceTree = "<group>"; };
		FE3B27C919A28992FDEB2A3D /* SettingsModel.swift */ = {isa = PBXFileReference; lastKnownFileType = sourcecode.swift; path = SettingsModel.swift; sourceTree = "<group>"; };
		FE86BAB449019EA409EB6C42 /* TodayView.swift */ = {isa = PBXFileReference; lastKnownFileType = sourcecode.swift; path = TodayView.swift; sourceTree = "<group>"; };
/* End PBXFileReference section */

/* Begin PBXFrameworksBuildPhase section */
		23269B85E5C3F8F33B45F7CC /* Frameworks */ = {
			isa = PBXFrameworksBuildPhase;
			buildActionMask = 2147483647;
			files = (
				3E3D5D4D88C8064A2EBEDD04 /* WeatherKit.framework in Frameworks */,
				0BB238241FF15660518799F8 /* GalavantSchema in Frameworks */,
				F236D648886F9BA4EF2CCCCB /* GalavantPlaces in Frameworks */,
				626DB4453DDF7BA57BE9AF1C /* GalavantChat in Frameworks */,
				82FB0503EEB4041AC202479B /* GalavantAI in Frameworks */,
				666F98ED751CC0C6994CFED4 /* LLMClientKit in Frameworks */,
				52949A4330FDF85D0EBF5AEA /* LLMHandoffKit in Frameworks */,
				3B4EC7EE202BCED566C99202 /* CloudSyncKit in Frameworks */,
				28CB0F1054F9EC0012E413AD /* GalavantCaptureUI in Frameworks */,
				C00CC22E1860FAA90381B866 /* WebExtractorKit in Frameworks */,
				F569C91AF0E8633E066AA600 /* SQLiteData in Frameworks */,
				E77D186E6B692AD25BC8C9F3 /* SwiftUINavigation in Frameworks */,
				3E5E8AEE7E095AEC4C47F3EE /* Dependencies in Frameworks */,
				80C7B282FFA2EE185ADA79ED /* CasePaths in Frameworks */,
				E4012E1E8A6634279CD3ECFA /* Sharing in Frameworks */,
			);
			runOnlyForDeploymentPostprocessing = 0;
		};
		BE824697E86120D8991480F9 /* Frameworks */ = {
			isa = PBXFrameworksBuildPhase;
			buildActionMask = 2147483647;
			files = (
				242EC6987A08C0DCEBF3BC64 /* GalavantPlaces in Frameworks */,
				12F45B75F8F418158124463E /* GalavantSchema in Frameworks */,
				79754521E12644FF3AA51458 /* GalavantCaptureUI in Frameworks */,
				0A4F2D930190CC5D4B629BCC /* SQLiteData in Frameworks */,
				FF6492EB056141CC9F75093F /* Dependencies in Frameworks */,
			);
			runOnlyForDeploymentPostprocessing = 0;
		};
		EE2722F2F2EDE2CE304343F3 /* Frameworks */ = {
			isa = PBXFrameworksBuildPhase;
			buildActionMask = 2147483647;
			files = (
				A6E6DE98160B52B068BB18D5 /* DependenciesTestSupport in Frameworks */,
			);
			runOnlyForDeploymentPostprocessing = 0;
		};
/* End PBXFrameworksBuildPhase section */

/* Begin PBXGroup section */
		03D3B4DD92E3024BD94B2AD0 /* GalavantUITests */ = {
			isa = PBXGroup;
			children = (
				51B1DF18254B63AD4237897B /* IdeaPersistenceTests.swift */,
				895F90CCD6B6EE453DBD785D /* PoolFlowUITests.swift */,
				00154E6FD53486C6ECD8CBD9 /* PoolIdentityUITests.swift */,
				17EBCBAEA0AF8C840A0DA921 /* PoolMapUITests.swift */,
				8885060D462E6E53320A2831 /* ShareSeedTests.swift */,
				C0A1B810182571FD874E4261 /* SyncSeedTests.swift */,
			);
			path = GalavantUITests;
			sourceTree = "<group>";
		};
		06CC7970885A2A93954BDEB4 /* Products */ = {
			isa = PBXGroup;
			children = (
				AD3E24952C44337E688A4D00 /* Galavant.app */,
				5F046B49AE38F92268A2FA12 /* GalavantShare.appex */,
				9FEEBBB70BFDC82C3176AA53 /* GalavantTests.xctest */,
				0CA9E000AA9AEEE1E3D68F79 /* GalavantUITests.xctest */,
			);
			name = Products;
			sourceTree = "<group>";
		};
		0A7131DDBE2DA42C9D03DE1A /* GalavantShare */ = {
			isa = PBXGroup;
			children = (
				43D5D11997CB5E747A590622 /* CaptureExtraction.swift */,
				D180C34C8C9F3983F7CF9CFB /* ExtensionPreProcessing.js */,
				D3BFE6AAFB0EDC36E3BB7755 /* GalavantShare.entitlements */,
				92EB0541350B5FCB540931D3 /* Info.plist */,
				C5AD27A1248EEA1D9B580277 /* ShareViewController.swift */,
			);
			path = GalavantShare;
			sourceTree = "<group>";
		};
		121203D1BD1798441D7EDF35 = {
			isa = PBXGroup;
			children = (
				2D68689794BA7673C4373EC2 /* Config */,
				BDAA34A104A70523CB975F25 /* Galavant */,
				0A7131DDBE2DA42C9D03DE1A /* GalavantShare */,
				628BA0056FA225AE60C99FC1 /* GalavantTests */,
				03D3B4DD92E3024BD94B2AD0 /* GalavantUITests */,
				AFE599FCAD0B477B7D5AF155 /* Packages */,
				F13CF3276F3BA9B09AC303B7 /* Frameworks */,
				06CC7970885A2A93954BDEB4 /* Products */,
			);
			sourceTree = "<group>";
		};
		1AF078CA6D50D1067E93FBCB /* Chat */ = {
			isa = PBXGroup;
			children = (
				C01187279655F718B34FA9DC /* ChatPanelView.swift */,
			);
			path = Chat;
			sourceTree = "<group>";
		};
		1D327EC924239E80FD30ED50 /* Trips */ = {
			isa = PBXGroup;
			children = (
				BAA9983C3B6D9D9B731F96F9 /* DayChipBar.swift */,
				95C568B98EA55277C2DDA065 /* DayPalette.swift */,
				386282278C0DEBD19BF1925E /* DirectionsClient.swift */,
				0EFBA67DB304DCD293D72575 /* PlaceIdeaSheet.swift */,
				97954EEA93EDDCB81E746016 /* PlanningRow.swift */,
				9E4F11F80427DFD1A59F56B7 /* RecommendationCandidateStrip.swift */,
				DC0B58BAA1F3B550A331C182 /* RecommendationHandoffSheet.swift */,
				0620B4CD2A26F04156B150D3 /* RecommendationWorkspaceModel.swift */,
				FCB153EAAD14C2A632110033 /* RecommendationWorkspaceModel+Projection.swift */,
				57F320EF0E0815866BE1B3F0 /* RecommendationWorkspaceView.swift */,
				91589ABCCE6CEFC2EC1F72F4 /* ReorderDifference+Apply.swift */,
				E35BE6CD061373B731E38031 /* SequencePin.swift */,
				2B2DC50A26F7695EC3EC536A /* StartDayPanel.swift */,
				B15DFF6883F3077AA8D6C591 /* StopMenu.swift */,
				DDD6629168771E53AD5C86CF /* TripAddButton.swift */,
				ED4DA130D3A7069430825C31 /* TripCanvasMapView.swift */,
				1CBA766947DA059C035C1937 /* TripCard.swift */,
				07A4BE5288975EEF3DA91B16 /* TripDetailContent.swift */,
				A20DAF6B7A5F203899F4C780 /* TripFormModel.swift */,
				803A41898CEB755AAE0E4A68 /* TripFormView.swift */,
				0E5E2C9449BAC2E031A8745F /* TripHeaderImageView.swift */,
				DEEC45147F36D138F0ABA934 /* TripHeaderPickerSheet.swift */,
				BA0BD75B2D9BBEA758A6A8DA /* TripIdeasView.swift */,
				6839D17655A85296477C1D5D /* TripItineraryView.swift */,
				8238F43F540641D1FD4267BA /* TripPlanningModel.swift */,
				0F84BC54D6D414EBFC202ED7 /* TripPlanningModel+Directions.swift */,
				47B9767D73E65C3D4D10CC30 /* TripPlanningModel+Recommendation.swift */,
				72A6C6AEFAD6483C0E0AF70C /* TripPlanningModel+Scheduling.swift */,
				74F16970DCFE2E14E475DB66 /* TripPlanningSheets.swift */,
				08F3A8C38B6B2977E3D8153F /* TripPlanningView.swift */,
				07FF30B2A97AE7158A524026 /* TripsListModel.swift */,
				BC5C21FC298AEA29CFE09DC6 /* TripsScreen.swift */,
			);
			path = Trips;
			sourceTree = "<group>";
		};
		2D68689794BA7673C4373EC2 /* Config */ = {
			isa = PBXGroup;
			children = (
				0875D5B7D1A0BAAA7A6A2F1C /* Secrets.xcconfig */,
			);
			path = Config;
			sourceTree = "<group>";
		};
		2E86D5D496223C664D47760D /* Today */ = {
			isa = PBXGroup;
			children = (
				74A40B8122D91A39A5AB2309 /* TodayModel.swift */,
				CC88DBCF4AB9A9D219BFDFAD /* TodaySupportingViews.swift */,
				FE86BAB449019EA409EB6C42 /* TodayView.swift */,
			);
			path = Today;
			sourceTree = "<group>";
		};
		370543ACE0B28DE54D365B7E /* Calendar */ = {
			isa = PBXGroup;
			children = (
				51AA50E3CB7A4D6C5DD50110 /* CalendarExportClient.swift */,
				C8BA5355102262E8FF3F053B /* CalendarExportModel.swift */,
				4DE96A186A7350AD7E625B04 /* CalendarReconciliationModel+Ingestion.swift */,
				4AD2C1DE54AEA038F84042CC /* CalendarReconciliationRows.swift */,
			);
			path = Calendar;
			sourceTree = "<group>";
		};
		454215FF77812039958960FB /* Weather */ = {
			isa = PBXGroup;
			children = (
				A5F159E1049DE135201C5821 /* WeatherAttributionLink.swift */,
				530B9A2871DE84E2724A58E7 /* WeatherClient.swift */,
				24FAAF80343489A5540F82DF /* WeatherDebugView.swift */,
			);
			path = Weather;
			sourceTree = "<group>";
		};
		628BA0056FA225AE60C99FC1 /* GalavantTests */ = {
			isa = PBXGroup;
			children = (
				DFDD20F3FC13F6B974FF8181 /* IdeasListDeleteTests.swift */,
			);
			path = GalavantTests;
			sourceTree = "<group>";
		};
		64DB71B050831FD651A208C0 /* Design */ = {
			isa = PBXGroup;
			children = (
				3DD1C2B139D03095F082D99E /* CertaintyStyle.swift */,
				EF388F1C56D173F7C5F3079C /* Icon.swift */,
				371FEFD498525E0EA4709909 /* StackedForm.swift */,
			);
			path = Design;
			sourceTree = "<group>";
		};
		8A59619B26A61F0401533CF9 /* Navigation */ = {
			isa = PBXGroup;
			children = (
				EA2BBF3B289FD7D02957833B /* AppContainer.swift */,
				EF473C91775923ADF6F5FDEF /* AppRouter.swift */,
				82AECABDADDBF8957A5816F8 /* AppScreen.swift */,
				4784A4E4DDB7356EEF63A970 /* Binding+Present.swift */,
				EDA439EDEF5339154F3D8C08 /* PrefersTabNavigation.swift */,
			);
			path = Navigation;
			sourceTree = "<group>";
		};
		9D30DAE67801B102AE6F181F /* Browser */ = {
			isa = PBXGroup;
			children = (
				0A8181602270C693F3DBB397 /* BrowserScreen.swift */,
				EC86C99C4DC8F10257E93B99 /* BrowserScreenModel.swift */,
			);
			path = Browser;
			sourceTree = "<group>";
		};
		AFE599FCAD0B477B7D5AF155 /* Packages */ = {
			isa = PBXGroup;
			children = (
				E818B469EB6F7EB6FB4F33D6 /* CloudSyncKit */,
				C071E50FDA62E29FC448F993 /* GalavantLibrary */,
				73160C3B106A29D6005A8859 /* LLMClientKit */,
				481F7DF2E79BF7E59A1CEC62 /* LLMHandoffKit */,
				3B4B4DEA7489F67D7E16FD7D /* WebExtractorKit */,
			);
			name = Packages;
			sourceTree = "<group>";
		};
		BDAA34A104A70523CB975F25 /* Galavant */ = {
			isa = PBXGroup;
			children = (
				080E46AACA8A4087FB22F116 /* Assets.xcassets */,
				2CD37357C07AFC3DAE3CDAE7 /* DemoFixtures.swift */,
				CC16D0C39AA361A09737B45F /* Galavant.entitlements */,
				43AABFB8B03E2303AECAF355 /* GalavantApp.swift */,
				D8A01FBA56D01193ABBE48E6 /* Info.plist */,
				208207E0BC551E1C0AA0E597 /* MapPlaceResolver.swift */,
				C03BF0F90A008DC4A1E8E3BA /* MapPlaceSearchOverlay.swift */,
				9D30DAE67801B102AE6F181F /* Browser */,
				370543ACE0B28DE54D365B7E /* Calendar */,
				1AF078CA6D50D1067E93FBCB /* Chat */,
				64DB71B050831FD651A208C0 /* Design */,
				D132031309F0FD3303777E27 /* Evaluate */,
				E74AA89EA770500888848A49 /* Ideas */,
				8A59619B26A61F0401533CF9 /* Navigation */,
				DFF691FEEB403FB3C8776448 /* Settings */,
				2E86D5D496223C664D47760D /* Today */,
				1D327EC924239E80FD30ED50 /* Trips */,
				454215FF77812039958960FB /* Weather */,
			);
			path = Galavant;
			sourceTree = "<group>";
		};
		D132031309F0FD3303777E27 /* Evaluate */ = {
			isa = PBXGroup;
			children = (
				D48C8AE52183B8D3DE346D07 /* EvaluateScreen.swift */,
			);
			path = Evaluate;
			sourceTree = "<group>";
		};
		DFF691FEEB403FB3C8776448 /* Settings */ = {
			isa = PBXGroup;
			children = (
				3C4838518F023973640A8AEE /* AISettingsModel.swift */,
				201134A6F0FAB081A677EB63 /* AISettingsSections.swift */,
				02F3EA63CB8A4B8B546438F5 /* RegionManagementSettingsModel.swift */,
				F84C0FF0F99E3606279BB42C /* RegionManagementSettingsView.swift */,
				FE3B27C919A28992FDEB2A3D /* SettingsModel.swift */,
				56F1C96A9E48EE73DC2B6D08 /* SettingsScreen.swift */,
				E00FB978F8AEB5F20B8B8C5D /* SyncHealthModel.swift */,
				8DC1E6463D9CC2DF49548F37 /* SyncStatusSection.swift */,
				7ADB3989E3E45A67BB33FB7F /* TravelProfileEditModel.swift */,
				549199D3FB7222F5D893194E /* TravelProfileEditView.swift */,
			);
			path = Settings;
			sourceTree = "<group>";
		};
		E74AA89EA770500888848A49 /* Ideas */ = {
			isa = PBXGroup;
			children = (
				409050F2DDFD762C631818CF /* IdeaCoordinate.swift */,
				3F02C470667EF6E9AC8AC761 /* IdeaDetailView.swift */,
				99EE3153CDA64E66C39149A9 /* IdeaFormModel.swift */,
				9C956244AC0CCEFCA45A4128 /* IdeaFormView.swift */,
				1EF8BE4704C36D1A6FFB14D6 /* IdeaRow.swift */,
				15F0079F14EE5923209192B1 /* IdeasFilterMenu.swift */,
				E146770B6C9957BA19FC94EC /* IdeasListModel.swift */,
				F8D1F8D207FE25FE14CCFED7 /* IdeasListModel+Taxonomy.swift */,
				E13450922E6B719B55DC57BC /* IdeasScreen.swift */,
				E049286F9F226AF86DA12541 /* IdentityView.swift */,
				292BC932AEA1B53EB11DA125 /* InterestView.swift */,
				1791F203077D8B7907351B9F /* PoolMapView.swift */,
				E0587DE2E1AA61B9BD3D0073 /* RegionManagerView.swift */,
				891C5DF7F4A25741DE3421FD /* StructuredHoursEditor.swift */,
				1D62672E298B917B0707B6F4 /* TagManagerView.swift */,
				9D34C61AE3B675F5D6CCDDDD /* TagPickerView.swift */,
				EC86C7931F1026669DFCE6AB /* TripBadgeView.swift */,
			);
			path = Ideas;
			sourceTree = "<group>";
		};
		F13CF3276F3BA9B09AC303B7 /* Frameworks */ = {
			isa = PBXGroup;
			children = (
				D40170C4D56FC7F76E1992FF /* WeatherKit.framework */,
			);
			name = Frameworks;
			sourceTree = "<group>";
		};
/* End PBXGroup section */

/* Begin PBXNativeTarget section */
		2A483A405202F2FF5C8B5D34 /* Galavant */ = {
			isa = PBXNativeTarget;
			buildConfigurationList = EAD5BF75CB8F44EB52C03EF0 /* Build configuration list for PBXNativeTarget "Galavant" */;
			buildPhases = (
				F8E30F23C156A9EC20413957 /* Sources */,
				2E0D9F53CF2C3F1A912170B3 /* Resources */,
				23269B85E5C3F8F33B45F7CC /* Frameworks */,
				4B35866B68AEE8CE816377C9 /* Embed Foundation Extensions */,
			);
			buildRules = (
			);
			dependencies = (
				2D9FD84D1F7411A4874F44E3 /* PBXTargetDependency */,
			);
			name = Galavant;
			packageProductDependencies = (
				9CF31E175F7DCB4D59EAF394 /* GalavantSchema */,
				C94234B5AEF12EA0F921B5B0 /* GalavantPlaces */,
				70E3AE87004F856771C63307 /* GalavantChat */,
				7DEA217772737FC17F262759 /* GalavantAI */,
				BEC45E8A60608009E9EFFDCC /* LLMClientKit */,
				4496C6F1494049E3B555A463 /* LLMHandoffKit */,
				BAB8971211A0C3E3E9C18A40 /* CloudSyncKit */,
				9D033329AC22FDEA57CBC830 /* GalavantCaptureUI */,
				4D543244A7EA1E4F10D196DF /* WebExtractorKit */,
				A641D3ABA375BA009278F435 /* SQLiteData */,
				A0C2774E35241633FE89B7A7 /* SwiftUINavigation */,
				45E72731DDF6FA076EAEC92F /* Dependencies */,
				26D83C2182F9FE47C3A1CA25 /* CasePaths */,
				5A93A34322120B8F1DC99E7B /* Sharing */,
			);
			productName = Galavant;
			productReference = AD3E24952C44337E688A4D00 /* Galavant.app */;
			productType = "com.apple.product-type.application";
		};
		59EF2448919DADFA674F7E3C /* GalavantTests */ = {
			isa = PBXNativeTarget;
			buildConfigurationList = B22D70B0CC6DD5D43C2D10A6 /* Build configuration list for PBXNativeTarget "GalavantTests" */;
			buildPhases = (
				DD11AEF2312A01C033E69E42 /* Sources */,
				EE2722F2F2EDE2CE304343F3 /* Frameworks */,
			);
			buildRules = (
			);
			dependencies = (
				75F0BC5180A275DF1E0C61EA /* PBXTargetDependency */,
			);
			name = GalavantTests;
			packageProductDependencies = (
				BD0B4611AC664044BD5BEBD1 /* DependenciesTestSupport */,
			);
			productName = GalavantTests;
			productReference = 9FEEBBB70BFDC82C3176AA53 /* GalavantTests.xctest */;
			productType = "com.apple.product-type.bundle.unit-test";
		};
		6CECB534761064AC5A66DA2C /* GalavantShare */ = {
			isa = PBXNativeTarget;
			buildConfigurationList = 209BDBD3F006CEBAAF4C5E4E /* Build configuration list for PBXNativeTarget "GalavantShare" */;
			buildPhases = (
				FC4F051C00A1552B28BA70CA /* Sources */,
				25C952C6B4CE3EDFF2486499 /* Resources */,
				BE824697E86120D8991480F9 /* Frameworks */,
			);
			buildRules = (
			);
			dependencies = (
			);
			name = GalavantShare;
			packageProductDependencies = (
				6527A596FFD56B45F77446D0 /* GalavantPlaces */,
				F2CB005A8EB3216DE2ACF7EF /* GalavantSchema */,
				45FB64BD9AB6BD913C67BFEA /* GalavantCaptureUI */,
				EB30B546BC69ECE08A9C6766 /* SQLiteData */,
				C6C18315C28F69E95AB54F85 /* Dependencies */,
			);
			productName = GalavantShare;
			productReference = 5F046B49AE38F92268A2FA12 /* GalavantShare.appex */;
			productType = "com.apple.product-type.app-extension";
		};
		CC0067D58A6E0F559D50EAD5 /* GalavantUITests */ = {
			isa = PBXNativeTarget;
			buildConfigurationList = B7F0AF13426F9E414BC95712 /* Build configuration list for PBXNativeTarget "GalavantUITests" */;
			buildPhases = (
				016DEDF0644AAC2CD9897DFE /* Sources */,
			);
			buildRules = (
			);
			dependencies = (
				E602B82C576FBE494DD41DE9 /* PBXTargetDependency */,
			);
			name = GalavantUITests;
			packageProductDependencies = (
			);
			productName = GalavantUITests;
			productReference = 0CA9E000AA9AEEE1E3D68F79 /* GalavantUITests.xctest */;
			productType = "com.apple.product-type.bundle.ui-testing";
		};
/* End PBXNativeTarget section */

/* Begin PBXProject section */
		4696E494F4F89DBC9D49F7C9 /* Project object */ = {
			isa = PBXProject;
			attributes = {
				BuildIndependentTargetsInParallel = YES;
				LastUpgradeCheck = 2700;
				TargetAttributes = {
					2A483A405202F2FF5C8B5D34 = {
						DevelopmentTeam = 7MQEE539G9;
						ProvisioningStyle = Automatic;
					};
					59EF2448919DADFA674F7E3C = {
						DevelopmentTeam = 7MQEE539G9;
						ProvisioningStyle = Automatic;
					};
					6CECB534761064AC5A66DA2C = {
						DevelopmentTeam = 7MQEE539G9;
						ProvisioningStyle = Automatic;
					};
					CC0067D58A6E0F559D50EAD5 = {
						DevelopmentTeam = 7MQEE539G9;
						ProvisioningStyle = Automatic;
						TestTargetID = 2A483A405202F2FF5C8B5D34;
					};
				};
			};
			buildConfigurationList = F71C0522D2C02EC568E2BEA7 /* Build configuration list for PBXProject "Galavant" */;
			developmentRegion = en;
			hasScannedForEncodings = 0;
			knownRegions = (
				Base,
				en,
			);
			mainGroup = 121203D1BD1798441D7EDF35;
			minimizedProjectReferenceProxies = 1;
			packageReferences = (
				C5B07CA52890645ABF015544 /* XCRemoteSwiftPackageReference "sqlite-data" */,
				3D0FC9D09FB137795B0DD611 /* XCRemoteSwiftPackageReference "swift-case-paths" */,
				72A7015AEBE6B87356CCFD60 /* XCRemoteSwiftPackageReference "swift-dependencies" */,
				E0CE6503B137FDB710DCCCFE /* XCRemoteSwiftPackageReference "swift-navigation" */,
				13970F0E37C9FD2AC7DDBCFD /* XCRemoteSwiftPackageReference "swift-sharing" */,
				F467FE695C00BBEA463C98D8 /* XCLocalSwiftPackageReference "../../jon-platform/packages/CloudSyncKit" */,
				5228AC59CF5F59825B063F97 /* XCLocalSwiftPackageReference "GalavantLibrary" */,
				DF7739A2EC8B02E90D5186F9 /* XCLocalSwiftPackageReference "../../jon-platform/packages/LLMClientKit" */,
				93B860E79BFBD6EAAE28F3D7 /* XCLocalSwiftPackageReference "../../jon-platform/packages/LLMHandoffKit" */,
				347467AB13949BE7FF8F2DDB /* XCLocalSwiftPackageReference "../../jon-platform/packages/WebExtractorKit" */,
			);
			preferredProjectObjectVersion = 77;
			productRefGroup = 06CC7970885A2A93954BDEB4 /* Products */;
			projectDirPath = "";
			projectRoot = "";
			targets = (
				2A483A405202F2FF5C8B5D34 /* Galavant */,
				6CECB534761064AC5A66DA2C /* GalavantShare */,
				59EF2448919DADFA674F7E3C /* GalavantTests */,
				CC0067D58A6E0F559D50EAD5 /* GalavantUITests */,
			);
		};
/* End PBXProject section */

/* Begin PBXResourcesBuildPhase section */
		25C952C6B4CE3EDFF2486499 /* Resources */ = {
			isa = PBXResourcesBuildPhase;
			buildActionMask = 2147483647;
			files = (
				B18CAB3F9D57980B501FEE56 /* ExtensionPreProcessing.js in Resources */,
			);
			runOnlyForDeploymentPostprocessing = 0;
		};
		2E0D9F53CF2C3F1A912170B3 /* Resources */ = {
			isa = PBXResourcesBuildPhase;
			buildActionMask = 2147483647;
			files = (
				A784199C3F004D6FA2D80B05 /* Assets.xcassets in Resources */,
			);
			runOnlyForDeploymentPostprocessing = 0;
		};
/* End PBXResourcesBuildPhase section */

/* Begin PBXSourcesBuildPhase section */
		016DEDF0644AAC2CD9897DFE /* Sources */ = {
			isa = PBXSourcesBuildPhase;
			buildActionMask = 2147483647;
			files = (
				C6651664BD80959BDC624431 /* IdeaPersistenceTests.swift in Sources */,
				4A303DECCB8DFE842751E12F /* PoolFlowUITests.swift in Sources */,
				163235D89FEB136F5C5F73ED /* PoolIdentityUITests.swift in Sources */,
				1C3D2E2D9EEF8BC709447AE6 /* PoolMapUITests.swift in Sources */,
				6DFEFA57B8BACC403A250F18 /* ShareSeedTests.swift in Sources */,
				A2E63468073408305AED0762 /* SyncSeedTests.swift in Sources */,
			);
			runOnlyForDeploymentPostprocessing = 0;
		};
		DD11AEF2312A01C033E69E42 /* Sources */ = {
			isa = PBXSourcesBuildPhase;
			buildActionMask = 2147483647;
			files = (
				8E5F270D961669BB1431CDAD /* IdeasListDeleteTests.swift in Sources */,
			);
			runOnlyForDeploymentPostprocessing = 0;
		};
		F8E30F23C156A9EC20413957 /* Sources */ = {
			isa = PBXSourcesBuildPhase;
			buildActionMask = 2147483647;
			files = (
				C0D128FB3AAE61FF0C72B45B /* AISettingsModel.swift in Sources */,
				C78DAFF388E693F308C398EF /* AISettingsSections.swift in Sources */,
				F41E8D178B9FE462E5E797F5 /* AppContainer.swift in Sources */,
				686D8E04502200DBC618B751 /* AppRouter.swift in Sources */,
				4FA9D5986A89B2B51B88F5C2 /* AppScreen.swift in Sources */,
				52FDF2960D787D40108B3780 /* Binding+Present.swift in Sources */,
				1284CC7780258FD4F4425010 /* BrowserScreen.swift in Sources */,
				1BA8684F8293D1EBB16FB70C /* BrowserScreenModel.swift in Sources */,
				076EC78EEEA664F8BF4FC53F /* CalendarExportClient.swift in Sources */,
				BC168628E33830089E560CB9 /* CalendarExportModel.swift in Sources */,
				1478F87385340E3D96C6112D /* CalendarReconciliationModel+Ingestion.swift in Sources */,
				CB26B0D5725B3BB39E4E1839 /* CalendarReconciliationRows.swift in Sources */,
				4171E2BF905DAB98B77389EB /* CertaintyStyle.swift in Sources */,
				C7FC1AA264B96268F69FC474 /* ChatPanelView.swift in Sources */,
				BA6DC33C006D131C9DDA042C /* DayChipBar.swift in Sources */,
				35E279FA22C85810158AF02C /* DayPalette.swift in Sources */,
				9515962CEF69E6D64F9B0322 /* DemoFixtures.swift in Sources */,
				466236484A344B3C7C6F3823 /* DirectionsClient.swift in Sources */,
				EFF6015EBFCC08925785A2EB /* EvaluateScreen.swift in Sources */,
				DA333E1DC58A089ED9E9C3E1 /* GalavantApp.swift in Sources */,
				1AF90BB39A9A3751AA9A22E2 /* Icon.swift in Sources */,
				5FC0A092CF36738BE434FB6D /* IdeaCoordinate.swift in Sources */,
				CFF79112580C0EBC8D933DE2 /* IdeaDetailView.swift in Sources */,
				90C301112D6C03ED59D12E2C /* IdeaFormModel.swift in Sources */,
				E0CB76C004B10C1F20EC249A /* IdeaFormView.swift in Sources */,
				0D52F2373EEF284921180A85 /* IdeaRow.swift in Sources */,
				53262564E42B4E5C64231A96 /* IdeasFilterMenu.swift in Sources */,
				8C1110FDA05FA4D83DCF9A4F /* IdeasListModel+Taxonomy.swift in Sources */,
				7B999C65BDCCA5657877F9CD /* IdeasListModel.swift in Sources */,
				3DF889FDCBE7A7C979E41F13 /* IdeasScreen.swift in Sources */,
				474250E4E109ADF7680100C1 /* IdentityView.swift in Sources */,
				4344BF96EA3F3DB017E4CCDF /* InterestView.swift in Sources */,
				016DF429F8301AE8171A5C94 /* MapPlaceResolver.swift in Sources */,
				6D4B81713C707877850A54BD /* MapPlaceSearchOverlay.swift in Sources */,
				C2FC789EE1F80B257FC7D7DA /* PlaceIdeaSheet.swift in Sources */,
				A3E2170E96CDF9C7D76B89E6 /* PlanningRow.swift in Sources */,
				9C3779832B3D8728517D947A /* PoolMapView.swift in Sources */,
				25A7842AF8875EEF8BFA2887 /* PrefersTabNavigation.swift in Sources */,
				C35DFF6146C22E149BA1D6AD /* RecommendationCandidateStrip.swift in Sources */,
				682F837EE6170533F9F8A535 /* RecommendationHandoffSheet.swift in Sources */,
				CBD322C7EF720E884780D9D9 /* RecommendationWorkspaceModel+Projection.swift in Sources */,
				861F0BD9CC28029356E7DF09 /* RecommendationWorkspaceModel.swift in Sources */,
				600B8A48EBF6C2B3E5856903 /* RecommendationWorkspaceView.swift in Sources */,
				AD17477A05EDF3DE9D52E3A5 /* RegionManagementSettingsModel.swift in Sources */,
				BE4EC3D93E562C6724906B1A /* RegionManagementSettingsView.swift in Sources */,
				8E9C72B6E2A50CCF9129E6E1 /* RegionManagerView.swift in Sources */,
				D1D88C6469FB21204DA80CA3 /* ReorderDifference+Apply.swift in Sources */,
				7E07A0AB874D51E0DCAD3434 /* SequencePin.swift in Sources */,
				0287A6CD02AFDA26119DD050 /* SettingsModel.swift in Sources */,
				B5C9C13675D88912AC33E3D7 /* SettingsScreen.swift in Sources */,
				BC89E64DDA8A0975A83107D5 /* StackedForm.swift in Sources */,
				771BA3D003504F4DE062AFFB /* StartDayPanel.swift in Sources */,
				41630279DF880FB556B178CF /* StopMenu.swift in Sources */,
				8522CC9B663EBC7844792507 /* StructuredHoursEditor.swift in Sources */,
				E291A3A716DDBC83661706CB /* SyncHealthModel.swift in Sources */,
				D852704AE73F605F6205258E /* SyncStatusSection.swift in Sources */,
				17B078D23DE21D8057EEAD7B /* TagManagerView.swift in Sources */,
				AE8E879DAE606B08A60BC6D7 /* TagPickerView.swift in Sources */,
				76E9D46A29DE8080E15D9DC8 /* TodayModel.swift in Sources */,
				7C0852DE598E12CE4596E8B3 /* TodaySupportingViews.swift in Sources */,
				42B830C11BA948FC11994428 /* TodayView.swift in Sources */,
				C26FCB90CCEB03C82F359643 /* TravelProfileEditModel.swift in Sources */,
				A2C1176CC512E1165C7FA3AE /* TravelProfileEditView.swift in Sources */,
				5222D1023F3D13D0B45B3FE4 /* TripAddButton.swift in Sources */,
				D992DF9897F424912B7ED10C /* TripBadgeView.swift in Sources */,
				F03422C3671BFFD56B78737A /* TripCanvasMapView.swift in Sources */,
				F82D8FFDDCDBA5EEC7FED0AB /* TripCard.swift in Sources */,
				A9D8F7500DA570A20F8DE8B1 /* TripDetailContent.swift in Sources */,
				4DAAA7D1E36518BAE6613248 /* TripFormModel.swift in Sources */,
				DA85FF15D14C272FA8D11E03 /* TripFormView.swift in Sources */,
				2BCD153BD1286735123E24B7 /* TripHeaderImageView.swift in Sources */,
				57928FB375F27A957BC3FE09 /* TripHeaderPickerSheet.swift in Sources */,
				9946E181AD4D8380729C5D0E /* TripIdeasView.swift in Sources */,
				43267C623EF3B32592F6BCF0 /* TripItineraryView.swift in Sources */,
				5E128AA508FD75DB537A0366 /* TripPlanningModel+Directions.swift in Sources */,
				67E36BA27F8A9760AAC49994 /* TripPlanningModel+Recommendation.swift in Sources */,
				8B65E5CA383B4D16F3685A39 /* TripPlanningModel+Scheduling.swift in Sources */,
				C4D03D83083C9022183ABEF2 /* TripPlanningModel.swift in Sources */,
				A4CB29CDDE7511750823B841 /* TripPlanningSheets.swift in Sources */,
				7C7C4BB8F9D526D37F31BD66 /* TripPlanningView.swift in Sources */,
				66E8ED4BF33E10641C5CA1D9 /* TripsListModel.swift in Sources */,
				9C1C9676A64367844856918E /* TripsScreen.swift in Sources */,
				F57648A300EA9E12818CF2AC /* WeatherAttributionLink.swift in Sources */,
				4B11AB7DFD828A1F103EB408 /* WeatherClient.swift in Sources */,
				734D683130527266D1AEF8AD /* WeatherDebugView.swift in Sources */,
			);
			runOnlyForDeploymentPostprocessing = 0;
		};
		FC4F051C00A1552B28BA70CA /* Sources */ = {
			isa = PBXSourcesBuildPhase;
			buildActionMask = 2147483647;
			files = (
				565E450BE96483372954E175 /* CaptureExtraction.swift in Sources */,
				F009B3192D02321202419379 /* ShareViewController.swift in Sources */,
			);
			runOnlyForDeploymentPostprocessing = 0;
		};
/* End PBXSourcesBuildPhase section */

/* Begin PBXTargetDependency section */
		2D9FD84D1F7411A4874F44E3 /* PBXTargetDependency */ = {
			isa = PBXTargetDependency;
			target = 6CECB534761064AC5A66DA2C /* GalavantShare */;
			targetProxy = 6EE4A9EB2443E18E0F1263E8 /* PBXContainerItemProxy */;
		};
		75F0BC5180A275DF1E0C61EA /* PBXTargetDependency */ = {
			isa = PBXTargetDependency;
			target = 2A483A405202F2FF5C8B5D34 /* Galavant */;
			targetProxy = 829BEBE853D356ED053916BE /* PBXContainerItemProxy */;
		};
		E602B82C576FBE494DD41DE9 /* PBXTargetDependency */ = {
			isa = PBXTargetDependency;
			target = 2A483A405202F2FF5C8B5D34 /* Galavant */;
			targetProxy = 5579862B2324A9ED729664DF /* PBXContainerItemProxy */;
		};
/* End PBXTargetDependency section */

/* Begin XCBuildConfiguration section */
		041B2B9CE245E8AE406D3D9C /* Debug */ = {
			isa = XCBuildConfiguration;
			buildSettings = {
				ALWAYS_SEARCH_USER_PATHS = NO;
				CLANG_ANALYZER_NONNULL = YES;
				CLANG_ANALYZER_NUMBER_OBJECT_CONVERSION = YES_AGGRESSIVE;
				CLANG_CXX_LANGUAGE_STANDARD = "gnu++14";
				CLANG_CXX_LIBRARY = "libc++";
				CLANG_ENABLE_MODULES = YES;
				CLANG_ENABLE_OBJC_ARC = YES;
				CLANG_ENABLE_OBJC_WEAK = YES;
				CLANG_WARN_BLOCK_CAPTURE_AUTORELEASING = YES;
				CLANG_WARN_BOOL_CONVERSION = YES;
				CLANG_WARN_COMMA = YES;
				CLANG_WARN_CONSTANT_CONVERSION = YES;
				CLANG_WARN_DEPRECATED_OBJC_IMPLEMENTATIONS = YES;
				CLANG_WARN_DIRECT_OBJC_ISA_USAGE = YES_ERROR;
				CLANG_WARN_DOCUMENTATION_COMMENTS = YES;
				CLANG_WARN_EMPTY_BODY = YES;
				CLANG_WARN_ENUM_CONVERSION = YES;
				CLANG_WARN_INFINITE_RECURSION = YES;
				CLANG_WARN_INT_CONVERSION = YES;
				CLANG_WARN_NON_LITERAL_NULL_CONVERSION = YES;
				CLANG_WARN_OBJC_IMPLICIT_RETAIN_SELF = YES;
				CLANG_WARN_OBJC_LITERAL_CONVERSION = YES;
				CLANG_WARN_OBJC_ROOT_CLASS = YES_ERROR;
				CLANG_WARN_QUOTED_INCLUDE_IN_FRAMEWORK_HEADER = YES;
				CLANG_WARN_RANGE_LOOP_ANALYSIS = YES;
				CLANG_WARN_STRICT_PROTOTYPES = YES;
				CLANG_WARN_SUSPICIOUS_MOVE = YES;
				CLANG_WARN_UNGUARDED_AVAILABILITY = YES_AGGRESSIVE;
				CLANG_WARN_UNREACHABLE_CODE = YES;
				CLANG_WARN__DUPLICATE_METHOD_MATCH = YES;
				CODE_SIGN_STYLE = Automatic;
				COPY_PHASE_STRIP = NO;
				CURRENT_PROJECT_VERSION = 1;
				DEBUG_INFORMATION_FORMAT = dwarf;
				DEVELOPMENT_TEAM = 7MQEE539G9;
				ENABLE_STRICT_OBJC_MSGSEND = YES;
				ENABLE_TESTABILITY = YES;
				ENABLE_USER_SCRIPT_SANDBOXING = YES;
				GCC_C_LANGUAGE_STANDARD = gnu11;
				GCC_DYNAMIC_NO_PIC = NO;
				GCC_NO_COMMON_BLOCKS = YES;
				GCC_OPTIMIZATION_LEVEL = 0;
				GCC_PREPROCESSOR_DEFINITIONS = (
					"$(inherited)",
					"DEBUG=1",
				);
				GCC_WARN_64_TO_32_BIT_CONVERSION = YES;
				GCC_WARN_ABOUT_RETURN_TYPE = YES_ERROR;
				GCC_WARN_UNDECLARED_SELECTOR = YES;
				GCC_WARN_UNINITIALIZED_AUTOS = YES_AGGRESSIVE;
				GCC_WARN_UNUSED_FUNCTION = YES;
				GCC_WARN_UNUSED_VARIABLE = YES;
				IPHONEOS_DEPLOYMENT_TARGET = 27.0;
				MARKETING_VERSION = 0.1.0;
				MTL_ENABLE_DEBUG_INFO = INCLUDE_SOURCE;
				MTL_FAST_MATH = YES;
				ONLY_ACTIVE_ARCH = YES;
				PRODUCT_NAME = "$(TARGET_NAME)";
				SDKROOT = iphoneos;
				STRING_CATALOG_GENERATE_SYMBOLS = YES;
				SWIFT_ACTIVE_COMPILATION_CONDITIONS = DEBUG;
				SWIFT_OPTIMIZATION_LEVEL = "-Onone";
				SWIFT_VERSION = 6.0;
			};
			name = Debug;
		};
		109439E90A68DA518DD1B495 /* Release */ = {
			isa = XCBuildConfiguration;
			buildSettings = {
				BUNDLE_LOADER = "$(TEST_HOST)";
				GENERATE_INFOPLIST_FILE = YES;
				LD_RUNPATH_SEARCH_PATHS = (
					"$(inherited)",
					"@executable_path/Frameworks",
					"@loader_path/Frameworks",
				);
				PRODUCT_BUNDLE_IDENTIFIER = com.jonphillips.GalavantUITests;
				SDKROOT = iphoneos;
				TARGETED_DEVICE_FAMILY = "1,2";
				TEST_TARGET_NAME = Galavant;
			};
			name = Release;
		};
		11EDE90D99206503973452A4 /* Debug */ = {
			isa = XCBuildConfiguration;
			buildSettings = {
				BUNDLE_LOADER = "$(TEST_HOST)";
				GENERATE_INFOPLIST_FILE = YES;
				LD_RUNPATH_SEARCH_PATHS = (
					"$(inherited)",
					"@executable_path/Frameworks",
					"@loader_path/Frameworks",
				);
				PRODUCT_BUNDLE_IDENTIFIER = com.jonphillips.GalavantUITests;
				SDKROOT = iphoneos;
				TARGETED_DEVICE_FAMILY = "1,2";
				TEST_TARGET_NAME = Galavant;
			};
			name = Debug;
		};
		2D4282D10F602387A9A6725F /* Release */ = {
			isa = XCBuildConfiguration;
			buildSettings = {
				BUNDLE_LOADER = "$(TEST_HOST)";
				GENERATE_INFOPLIST_FILE = YES;
				LD_RUNPATH_SEARCH_PATHS = (
					"$(inherited)",
					"@executable_path/Frameworks",
					"@loader_path/Frameworks",
				);
				PRODUCT_BUNDLE_IDENTIFIER = com.jonphillips.GalavantTests;
				SDKROOT = iphoneos;
				TARGETED_DEVICE_FAMILY = "1,2";
				TEST_HOST = "$(BUILT_PRODUCTS_DIR)/Galavant.app/Galavant";
			};
			name = Release;
		};
		3506DC85F4A8CC5FBEAAEFEA /* Debug */ = {
			isa = XCBuildConfiguration;
			buildSettings = {
				CODE_SIGN_ENTITLEMENTS = GalavantShare/GalavantShare.entitlements;
				GENERATE_INFOPLIST_FILE = NO;
				INFOPLIST_FILE = GalavantShare/Info.plist;
				LD_RUNPATH_SEARCH_PATHS = (
					"$(inherited)",
					"@executable_path/Frameworks",
					"@executable_path/../../Frameworks",
				);
				PRODUCT_BUNDLE_IDENTIFIER = com.jonphillips.galavant.share;
				SDKROOT = iphoneos;
				TARGETED_DEVICE_FAMILY = "1,2";
			};
			name = Debug;
		};
		713726C24E5A67C0F4D7913A /* Release */ = {
			isa = XCBuildConfiguration;
			buildSettings = {
				CODE_SIGN_ENTITLEMENTS = GalavantShare/GalavantShare.entitlements;
				GENERATE_INFOPLIST_FILE = NO;
				INFOPLIST_FILE = GalavantShare/Info.plist;
				LD_RUNPATH_SEARCH_PATHS = (
					"$(inherited)",
					"@executable_path/Frameworks",
					"@executable_path/../../Frameworks",
				);
				PRODUCT_BUNDLE_IDENTIFIER = com.jonphillips.galavant.share;
				SDKROOT = iphoneos;
				TARGETED_DEVICE_FAMILY = "1,2";
			};
			name = Release;
		};
		7828B21407C5CFA7447E38EB /* Debug */ = {
			isa = XCBuildConfiguration;
			buildSettings = {
				BUNDLE_LOADER = "$(TEST_HOST)";
				GENERATE_INFOPLIST_FILE = YES;
				LD_RUNPATH_SEARCH_PATHS = (
					"$(inherited)",
					"@executable_path/Frameworks",
					"@loader_path/Frameworks",
				);
				PRODUCT_BUNDLE_IDENTIFIER = com.jonphillips.GalavantTests;
				SDKROOT = iphoneos;
				TARGETED_DEVICE_FAMILY = "1,2";
				TEST_HOST = "$(BUILT_PRODUCTS_DIR)/Galavant.app/Galavant";
			};
			name = Debug;
		};
		BAE02772CAB7AE2CA434917E /* Debug */ = {
			isa = XCBuildConfiguration;
			baseConfigurationReference = 0875D5B7D1A0BAAA7A6A2F1C /* Secrets.xcconfig */;
			buildSettings = {
				ASSETCATALOG_COMPILER_APPICON_NAME = AppIcon;
				CODE_SIGN_ENTITLEMENTS = Galavant/Galavant.entitlements;
				CODE_SIGN_IDENTITY = "iPhone Developer";
				INFOPLIST_FILE = Galavant/Info.plist;
				LD_RUNPATH_SEARCH_PATHS = (
					"$(inherited)",
					"@executable_path/Frameworks",
				);
				PRODUCT_BUNDLE_IDENTIFIER = com.jonphillips.galavant;
				SDKROOT = iphoneos;
				TARGETED_DEVICE_FAMILY = "1,2";
			};
			name = Debug;
		};
		C80B65706172C5578449AA7F /* Release */ = {
			isa = XCBuildConfiguration;
			buildSettings = {
				ALWAYS_SEARCH_USER_PATHS = NO;
				CLANG_ANALYZER_NONNULL = YES;
				CLANG_ANALYZER_NUMBER_OBJECT_CONVERSION = YES_AGGRESSIVE;
				CLANG_CXX_LANGUAGE_STANDARD = "gnu++14";
				CLANG_CXX_LIBRARY = "libc++";
				CLANG_ENABLE_MODULES = YES;
				CLANG_ENABLE_OBJC_ARC = YES;
				CLANG_ENABLE_OBJC_WEAK = YES;
				CLANG_WARN_BLOCK_CAPTURE_AUTORELEASING = YES;
				CLANG_WARN_BOOL_CONVERSION = YES;
				CLANG_WARN_COMMA = YES;
				CLANG_WARN_CONSTANT_CONVERSION = YES;
				CLANG_WARN_DEPRECATED_OBJC_IMPLEMENTATIONS = YES;
				CLANG_WARN_DIRECT_OBJC_ISA_USAGE = YES_ERROR;
				CLANG_WARN_DOCUMENTATION_COMMENTS = YES;
				CLANG_WARN_EMPTY_BODY = YES;
				CLANG_WARN_ENUM_CONVERSION = YES;
				CLANG_WARN_INFINITE_RECURSION = YES;
				CLANG_WARN_INT_CONVERSION = YES;
				CLANG_WARN_NON_LITERAL_NULL_CONVERSION = YES;
				CLANG_WARN_OBJC_IMPLICIT_RETAIN_SELF = YES;
				CLANG_WARN_OBJC_LITERAL_CONVERSION = YES;
				CLANG_WARN_OBJC_ROOT_CLASS = YES_ERROR;
				CLANG_WARN_QUOTED_INCLUDE_IN_FRAMEWORK_HEADER = YES;
				CLANG_WARN_RANGE_LOOP_ANALYSIS = YES;
				CLANG_WARN_STRICT_PROTOTYPES = YES;
				CLANG_WARN_SUSPICIOUS_MOVE = YES;
				CLANG_WARN_UNGUARDED_AVAILABILITY = YES_AGGRESSIVE;
				CLANG_WARN_UNREACHABLE_CODE = YES;
				CLANG_WARN__DUPLICATE_METHOD_MATCH = YES;
				CODE_SIGN_STYLE = Automatic;
				COPY_PHASE_STRIP = NO;
				CURRENT_PROJECT_VERSION = 1;
				DEBUG_INFORMATION_FORMAT = "dwarf-with-dsym";
				DEVELOPMENT_TEAM = 7MQEE539G9;
				ENABLE_NS_ASSERTIONS = NO;
				ENABLE_STRICT_OBJC_MSGSEND = YES;
				ENABLE_USER_SCRIPT_SANDBOXING = YES;
				GCC_C_LANGUAGE_STANDARD = gnu11;
				GCC_NO_COMMON_BLOCKS = YES;
				GCC_WARN_64_TO_32_BIT_CONVERSION = YES;
				GCC_WARN_ABOUT_RETURN_TYPE = YES_ERROR;
				GCC_WARN_UNDECLARED_SELECTOR = YES;
				GCC_WARN_UNINITIALIZED_AUTOS = YES_AGGRESSIVE;
				GCC_WARN_UNUSED_FUNCTION = YES;
				GCC_WARN_UNUSED_VARIABLE = YES;
				IPHONEOS_DEPLOYMENT_TARGET = 27.0;
				MARKETING_VERSION = 0.1.0;
				MTL_ENABLE_DEBUG_INFO = NO;
				MTL_FAST_MATH = YES;
				PRODUCT_NAME = "$(TARGET_NAME)";
				SDKROOT = iphoneos;
				STRING_CATALOG_GENERATE_SYMBOLS = YES;
				SWIFT_COMPILATION_MODE = wholemodule;
				SWIFT_OPTIMIZATION_LEVEL = "-O";
				SWIFT_VERSION = 6.0;
			};
			name = Release;
		};
		DB0820B74B4582FECFAD49C5 /* Release */ = {
			isa = XCBuildConfiguration;
			baseConfigurationReference = 0875D5B7D1A0BAAA7A6A2F1C /* Secrets.xcconfig */;
			buildSettings = {
				ASSETCATALOG_COMPILER_APPICON_NAME = AppIcon;
				CODE_SIGN_ENTITLEMENTS = Galavant/Galavant.entitlements;
				CODE_SIGN_IDENTITY = "iPhone Developer";
				INFOPLIST_FILE = Galavant/Info.plist;
				LD_RUNPATH_SEARCH_PATHS = (
					"$(inherited)",
					"@executable_path/Frameworks",
				);
				PRODUCT_BUNDLE_IDENTIFIER = com.jonphillips.galavant;
				SDKROOT = iphoneos;
				TARGETED_DEVICE_FAMILY = "1,2";
			};
			name = Release;
		};
/* End XCBuildConfiguration section */

/* Begin XCConfigurationList section */
		209BDBD3F006CEBAAF4C5E4E /* Build configuration list for PBXNativeTarget "GalavantShare" */ = {
			isa = XCConfigurationList;
			buildConfigurations = (
				3506DC85F4A8CC5FBEAAEFEA /* Debug */,
				713726C24E5A67C0F4D7913A /* Release */,
			);
			defaultConfigurationIsVisible = 0;
			defaultConfigurationName = Debug;
		};
		B22D70B0CC6DD5D43C2D10A6 /* Build configuration list for PBXNativeTarget "GalavantTests" */ = {
			isa = XCConfigurationList;
			buildConfigurations = (
				7828B21407C5CFA7447E38EB /* Debug */,
				2D4282D10F602387A9A6725F /* Release */,
			);
			defaultConfigurationIsVisible = 0;
			defaultConfigurationName = Debug;
		};
		B7F0AF13426F9E414BC95712 /* Build configuration list for PBXNativeTarget "GalavantUITests" */ = {
			isa = XCConfigurationList;
			buildConfigurations = (
				11EDE90D99206503973452A4 /* Debug */,
				109439E90A68DA518DD1B495 /* Release */,
			);
			defaultConfigurationIsVisible = 0;
			defaultConfigurationName = Debug;
		};
		EAD5BF75CB8F44EB52C03EF0 /* Build configuration list for PBXNativeTarget "Galavant" */ = {
			isa = XCConfigurationList;
			buildConfigurations = (
				BAE02772CAB7AE2CA434917E /* Debug */,
				DB0820B74B4582FECFAD49C5 /* Release */,
			);
			defaultConfigurationIsVisible = 0;
			defaultConfigurationName = Debug;
		};
		F71C0522D2C02EC568E2BEA7 /* Build configuration list for PBXProject "Galavant" */ = {
			isa = XCConfigurationList;
			buildConfigurations = (
				041B2B9CE245E8AE406D3D9C /* Debug */,
				C80B65706172C5578449AA7F /* Release */,
			);
			defaultConfigurationIsVisible = 0;
			defaultConfigurationName = Debug;
		};
/* End XCConfigurationList section */

/* Begin XCLocalSwiftPackageReference section */
		347467AB13949BE7FF8F2DDB /* XCLocalSwiftPackageReference "../../jon-platform/packages/WebExtractorKit" */ = {
			isa = XCLocalSwiftPackageReference;
			relativePath = "../../jon-platform/packages/WebExtractorKit";
		};
		5228AC59CF5F59825B063F97 /* XCLocalSwiftPackageReference "GalavantLibrary" */ = {
			isa = XCLocalSwiftPackageReference;
			relativePath = GalavantLibrary;
		};
		93B860E79BFBD6EAAE28F3D7 /* XCLocalSwiftPackageReference "../../jon-platform/packages/LLMHandoffKit" */ = {
			isa = XCLocalSwiftPackageReference;
			relativePath = "../../jon-platform/packages/LLMHandoffKit";
		};
		DF7739A2EC8B02E90D5186F9 /* XCLocalSwiftPackageReference "../../jon-platform/packages/LLMClientKit" */ = {
			isa = XCLocalSwiftPackageReference;
			relativePath = "../../jon-platform/packages/LLMClientKit";
		};
		F467FE695C00BBEA463C98D8 /* XCLocalSwiftPackageReference "../../jon-platform/packages/CloudSyncKit" */ = {
			isa = XCLocalSwiftPackageReference;
			relativePath = "../../jon-platform/packages/CloudSyncKit";
		};
/* End XCLocalSwiftPackageReference section */

/* Begin XCRemoteSwiftPackageReference section */
		13970F0E37C9FD2AC7DDBCFD /* XCRemoteSwiftPackageReference "swift-sharing" */ = {
			isa = XCRemoteSwiftPackageReference;
			repositoryURL = "https://github.com/pointfreeco/swift-sharing";
			requirement = {
				kind = upToNextMajorVersion;
				minimumVersion = 2.0.0;
			};
		};
		3D0FC9D09FB137795B0DD611 /* XCRemoteSwiftPackageReference "swift-case-paths" */ = {
			isa = XCRemoteSwiftPackageReference;
			repositoryURL = "https://github.com/pointfreeco/swift-case-paths";
			requirement = {
				kind = upToNextMajorVersion;
				minimumVersion = 1.0.0;
			};
		};
		72A7015AEBE6B87356CCFD60 /* XCRemoteSwiftPackageReference "swift-dependencies" */ = {
			isa = XCRemoteSwiftPackageReference;
			repositoryURL = "https://github.com/pointfreeco/swift-dependencies";
			requirement = {
				kind = upToNextMajorVersion;
				minimumVersion = 1.0.0;
			};
		};
		C5B07CA52890645ABF015544 /* XCRemoteSwiftPackageReference "sqlite-data" */ = {
			isa = XCRemoteSwiftPackageReference;
			repositoryURL = "https://github.com/pointfreeco/sqlite-data";
			requirement = {
				kind = upToNextMajorVersion;
				minimumVersion = 1.0.0;
			};
		};
		E0CE6503B137FDB710DCCCFE /* XCRemoteSwiftPackageReference "swift-navigation" */ = {
			isa = XCRemoteSwiftPackageReference;
			repositoryURL = "https://github.com/pointfreeco/swift-navigation";
			requirement = {
				kind = upToNextMajorVersion;
				minimumVersion = 2.0.0;
			};
		};
/* End XCRemoteSwiftPackageReference section */

/* Begin XCSwiftPackageProductDependency section */
		26D83C2182F9FE47C3A1CA25 /* CasePaths */ = {
			isa = XCSwiftPackageProductDependency;
			package = 3D0FC9D09FB137795B0DD611 /* XCRemoteSwiftPackageReference "swift-case-paths" */;
			productName = CasePaths;
		};
		4496C6F1494049E3B555A463 /* LLMHandoffKit */ = {
			isa = XCSwiftPackageProductDependency;
			productName = LLMHandoffKit;
		};
		45E72731DDF6FA076EAEC92F /* Dependencies */ = {
			isa = XCSwiftPackageProductDependency;
			package = 72A7015AEBE6B87356CCFD60 /* XCRemoteSwiftPackageReference "swift-dependencies" */;
			productName = Dependencies;
		};
		45FB64BD9AB6BD913C67BFEA /* GalavantCaptureUI */ = {
			isa = XCSwiftPackageProductDependency;
			productName = GalavantCaptureUI;
		};
		4D543244A7EA1E4F10D196DF /* WebExtractorKit */ = {
			isa = XCSwiftPackageProductDependency;
			productName = WebExtractorKit;
		};
		5A93A34322120B8F1DC99E7B /* Sharing */ = {
			isa = XCSwiftPackageProductDependency;
			package = 13970F0E37C9FD2AC7DDBCFD /* XCRemoteSwiftPackageReference "swift-sharing" */;
			productName = Sharing;
		};
		6527A596FFD56B45F77446D0 /* GalavantPlaces */ = {
			isa = XCSwiftPackageProductDependency;
			productName = GalavantPlaces;
		};
		70E3AE87004F856771C63307 /* GalavantChat */ = {
			isa = XCSwiftPackageProductDependency;
			productName = GalavantChat;
		};
		7DEA217772737FC17F262759 /* GalavantAI */ = {
			isa = XCSwiftPackageProductDependency;
			productName = GalavantAI;
		};
		9CF31E175F7DCB4D59EAF394 /* GalavantSchema */ = {
			isa = XCSwiftPackageProductDependency;
			productName = GalavantSchema;
		};
		9D033329AC22FDEA57CBC830 /* GalavantCaptureUI */ = {
			isa = XCSwiftPackageProductDependency;
			productName = GalavantCaptureUI;
		};
		A0C2774E35241633FE89B7A7 /* SwiftUINavigation */ = {
			isa = XCSwiftPackageProductDependency;
			package = E0CE6503B137FDB710DCCCFE /* XCRemoteSwiftPackageReference "swift-navigation" */;
			productName = SwiftUINavigation;
		};
		A641D3ABA375BA009278F435 /* SQLiteData */ = {
			isa = XCSwiftPackageProductDependency;
			package = C5B07CA52890645ABF015544 /* XCRemoteSwiftPackageReference "sqlite-data" */;
			productName = SQLiteData;
		};
		BAB8971211A0C3E3E9C18A40 /* CloudSyncKit */ = {
			isa = XCSwiftPackageProductDependency;
			productName = CloudSyncKit;
		};
		BD0B4611AC664044BD5BEBD1 /* DependenciesTestSupport */ = {
			isa = XCSwiftPackageProductDependency;
			package = 72A7015AEBE6B87356CCFD60 /* XCRemoteSwiftPackageReference "swift-dependencies" */;
			productName = DependenciesTestSupport;
		};
		BEC45E8A60608009E9EFFDCC /* LLMClientKit */ = {
			isa = XCSwiftPackageProductDependency;
			productName = LLMClientKit;
		};
		C6C18315C28F69E95AB54F85 /* Dependencies */ = {
			isa = XCSwiftPackageProductDependency;
			package = 72A7015AEBE6B87356CCFD60 /* XCRemoteSwiftPackageReference "swift-dependencies" */;
			productName = Dependencies;
		};
		C94234B5AEF12EA0F921B5B0 /* GalavantPlaces */ = {
			isa = XCSwiftPackageProductDependency;
			productName = GalavantPlaces;
		};
		EB30B546BC69ECE08A9C6766 /* SQLiteData */ = {
			isa = XCSwiftPackageProductDependency;
			package = C5B07CA52890645ABF015544 /* XCRemoteSwiftPackageReference "sqlite-data" */;
			productName = SQLiteData;
		};
		F2CB005A8EB3216DE2ACF7EF /* GalavantSchema */ = {
			isa = XCSwiftPackageProductDependency;
			productName = GalavantSchema;
		};
/* End XCSwiftPackageProductDependency section */
	};
	rootObject = 4696E494F4F89DBC9D49F7C9 /* Project object */;
}
