// !$*UTF8*$!
{
	archiveVersion = 1;
	classes = {
	};
	objectVersion = 77;
	objects = {

/* Begin PBXBuildFile section */
		08AB246AC84A27EE2FC5F8A7 /* TripRow.swift in Sources */ = {isa = PBXBuildFile; fileRef = 1DAC9E1A5ABDBDA4BAAC80BB /* TripRow.swift */; };
		0A4F2D930190CC5D4B629BCC /* Dependencies in Frameworks */ = {isa = PBXBuildFile; productRef = C6C18315C28F69E95AB54F85 /* Dependencies */; };
		0BB238241FF15660518799F8 /* GalavantSchema in Frameworks */ = {isa = PBXBuildFile; productRef = 9CF31E175F7DCB4D59EAF394 /* GalavantSchema */; };
		0D52F2373EEF284921180A85 /* IdeaRow.swift in Sources */ = {isa = PBXBuildFile; fileRef = 1EF8BE4704C36D1A6FFB14D6 /* IdeaRow.swift */; };
		12F45B75F8F418158124463E /* GalavantSchema in Frameworks */ = {isa = PBXBuildFile; productRef = F2CB005A8EB3216DE2ACF7EF /* GalavantSchema */; };
		163235D89FEB136F5C5F73ED /* PoolIdentityUITests.swift in Sources */ = {isa = PBXBuildFile; fileRef = 00154E6FD53486C6ECD8CBD9 /* PoolIdentityUITests.swift */; };
		17B078D23DE21D8057EEAD7B /* TagManagerView.swift in Sources */ = {isa = PBXBuildFile; fileRef = 1D62672E298B917B0707B6F4 /* TagManagerView.swift */; };
		1AF90BB39A9A3751AA9A22E2 /* Icon.swift in Sources */ = {isa = PBXBuildFile; fileRef = EF388F1C56D173F7C5F3079C /* Icon.swift */; };
		1C3D2E2D9EEF8BC709447AE6 /* PoolMapUITests.swift in Sources */ = {isa = PBXBuildFile; fileRef = 17EBCBAEA0AF8C840A0DA921 /* PoolMapUITests.swift */; };
		242EC6987A08C0DCEBF3BC64 /* GalavantPlaces in Frameworks */ = {isa = PBXBuildFile; productRef = 6527A596FFD56B45F77446D0 /* GalavantPlaces */; };
		25A7842AF8875EEF8BFA2887 /* PrefersTabNavigation.swift in Sources */ = {isa = PBXBuildFile; fileRef = EDA439EDEF5339154F3D8C08 /* PrefersTabNavigation.swift */; };
		35E279FA22C85810158AF02C /* DayPalette.swift in Sources */ = {isa = PBXBuildFile; fileRef = 95C568B98EA55277C2DDA065 /* DayPalette.swift */; };
		3B4EC7EE202BCED566C99202 /* Sharing in Frameworks */ = {isa = PBXBuildFile; productRef = 5A93A34322120B8F1DC99E7B /* Sharing */; };
		3DF889FDCBE7A7C979E41F13 /* IdeasScreen.swift in Sources */ = {isa = PBXBuildFile; fileRef = E13450922E6B719B55DC57BC /* IdeasScreen.swift */; };
		41630279DF880FB556B178CF /* StopMenu.swift in Sources */ = {isa = PBXBuildFile; fileRef = B15DFF6883F3077AA8D6C591 /* StopMenu.swift */; };
		4171E2BF905DAB98B77389EB /* CertaintyStyle.swift in Sources */ = {isa = PBXBuildFile; fileRef = 3DD1C2B139D03095F082D99E /* CertaintyStyle.swift */; };
		43267C623EF3B32592F6BCF0 /* TripItineraryView.swift in Sources */ = {isa = PBXBuildFile; fileRef = 6839D17655A85296477C1D5D /* TripItineraryView.swift */; };
		4344BF96EA3F3DB017E4CCDF /* InterestView.swift in Sources */ = {isa = PBXBuildFile; fileRef = 292BC932AEA1B53EB11DA125 /* InterestView.swift */; };
		466236484A344B3C7C6F3823 /* DirectionsClient.swift in Sources */ = {isa = PBXBuildFile; fileRef = 386282278C0DEBD19BF1925E /* DirectionsClient.swift */; };
		474250E4E109ADF7680100C1 /* IdentityView.swift in Sources */ = {isa = PBXBuildFile; fileRef = E049286F9F226AF86DA12541 /* IdentityView.swift */; };
		4A303DECCB8DFE842751E12F /* PoolFlowUITests.swift in Sources */ = {isa = PBXBuildFile; fileRef = 895F90CCD6B6EE453DBD785D /* PoolFlowUITests.swift */; };
		4DAAA7D1E36518BAE6613248 /* TripFormModel.swift in Sources */ = {isa = PBXBuildFile; fileRef = A20DAF6B7A5F203899F4C780 /* TripFormModel.swift */; };
		4FA9D5986A89B2B51B88F5C2 /* AppScreen.swift in Sources */ = {isa = PBXBuildFile; fileRef = 82AECABDADDBF8957A5816F8 /* AppScreen.swift */; };
		52949A4330FDF85D0EBF5AEA /* CasePaths in Frameworks */ = {isa = PBXBuildFile; productRef = 26D83C2182F9FE47C3A1CA25 /* CasePaths */; };
		565E450BE96483372954E175 /* CaptureExtraction.swift in Sources */ = {isa = PBXBuildFile; fileRef = 43D5D11997CB5E747A590622 /* CaptureExtraction.swift */; };
		5FC0A092CF36738BE434FB6D /* IdeaCoordinate.swift in Sources */ = {isa = PBXBuildFile; fileRef = 409050F2DDFD762C631818CF /* IdeaCoordinate.swift */; };
		626DB4453DDF7BA57BE9AF1C /* SQLiteData in Frameworks */ = {isa = PBXBuildFile; productRef = A641D3ABA375BA009278F435 /* SQLiteData */; };
		666F98ED751CC0C6994CFED4 /* Dependencies in Frameworks */ = {isa = PBXBuildFile; productRef = 45E72731DDF6FA076EAEC92F /* Dependencies */; };
		66E8ED4BF33E10641C5CA1D9 /* TripsListModel.swift in Sources */ = {isa = PBXBuildFile; fileRef = 07FF30B2A97AE7158A524026 /* TripsListModel.swift */; };
		686D8E04502200DBC618B751 /* AppRouter.swift in Sources */ = {isa = PBXBuildFile; fileRef = EF473C91775923ADF6F5FDEF /* AppRouter.swift */; };
		6DFEFA57B8BACC403A250F18 /* ShareSeedTests.swift in Sources */ = {isa = PBXBuildFile; fileRef = 8885060D462E6E53320A2831 /* ShareSeedTests.swift */; };
		79754521E12644FF3AA51458 /* SQLiteData in Frameworks */ = {isa = PBXBuildFile; productRef = EB30B546BC69ECE08A9C6766 /* SQLiteData */; };
		7B999C65BDCCA5657877F9CD /* IdeasListModel.swift in Sources */ = {isa = PBXBuildFile; fileRef = E146770B6C9957BA19FC94EC /* IdeasListModel.swift */; };
		7C7C4BB8F9D526D37F31BD66 /* TripPlanningView.swift in Sources */ = {isa = PBXBuildFile; fileRef = 08F3A8C38B6B2977E3D8153F /* TripPlanningView.swift */; };
		7E07A0AB874D51E0DCAD3434 /* SequencePin.swift in Sources */ = {isa = PBXBuildFile; fileRef = E35BE6CD061373B731E38031 /* SequencePin.swift */; };
		82FB0503EEB4041AC202479B /* SwiftUINavigation in Frameworks */ = {isa = PBXBuildFile; productRef = A0C2774E35241633FE89B7A7 /* SwiftUINavigation */; };
		8E9C72B6E2A50CCF9129E6E1 /* RegionManagerView.swift in Sources */ = {isa = PBXBuildFile; fileRef = E0587DE2E1AA61B9BD3D0073 /* RegionManagerView.swift */; };
		90C301112D6C03ED59D12E2C /* IdeaFormModel.swift in Sources */ = {isa = PBXBuildFile; fileRef = 99EE3153CDA64E66C39149A9 /* IdeaFormModel.swift */; };
		9515962CEF69E6D64F9B0322 /* DemoFixtures.swift in Sources */ = {isa = PBXBuildFile; fileRef = 2CD37357C07AFC3DAE3CDAE7 /* DemoFixtures.swift */; };
		9946E181AD4D8380729C5D0E /* TripIdeasView.swift in Sources */ = {isa = PBXBuildFile; fileRef = BA0BD75B2D9BBEA758A6A8DA /* TripIdeasView.swift */; };
		9C1C9676A64367844856918E /* TripsScreen.swift in Sources */ = {isa = PBXBuildFile; fileRef = BC5C21FC298AEA29CFE09DC6 /* TripsScreen.swift */; };
		9C3779832B3D8728517D947A /* PoolMapView.swift in Sources */ = {isa = PBXBuildFile; fileRef = 1791F203077D8B7907351B9F /* PoolMapView.swift */; };
		A2E63468073408305AED0762 /* SyncSeedTests.swift in Sources */ = {isa = PBXBuildFile; fileRef = C0A1B810182571FD874E4261 /* SyncSeedTests.swift */; };
		A3E2170E96CDF9C7D76B89E6 /* PlanningRow.swift in Sources */ = {isa = PBXBuildFile; fileRef = 97954EEA93EDDCB81E746016 /* PlanningRow.swift */; };
		A4448DAE88F06B031A6DBC1C /* LocationSearchView.swift in Sources */ = {isa = PBXBuildFile; fileRef = 8801598C4F33B73A51ADB464 /* LocationSearchView.swift */; };
		A4CB29CDDE7511750823B841 /* TripPlanningSheets.swift in Sources */ = {isa = PBXBuildFile; fileRef = 74F16970DCFE2E14E475DB66 /* TripPlanningSheets.swift */; };
		A784199C3F004D6FA2D80B05 /* Assets.xcassets in Resources */ = {isa = PBXBuildFile; fileRef = 080E46AACA8A4087FB22F116 /* Assets.xcassets */; };
		A9D8F7500DA570A20F8DE8B1 /* TripDetailContent.swift in Sources */ = {isa = PBXBuildFile; fileRef = 07A4BE5288975EEF3DA91B16 /* TripDetailContent.swift */; };
		AC8B63575425320FB0944F98 /* CaptureConfirmView.swift in Sources */ = {isa = PBXBuildFile; fileRef = 1695AB3D2AB3EA477F82CC7F /* CaptureConfirmView.swift */; };
		B18CAB3F9D57980B501FEE56 /* ExtensionPreProcessing.js in Resources */ = {isa = PBXBuildFile; fileRef = D180C34C8C9F3983F7CF9CFB /* ExtensionPreProcessing.js */; };
		BA6DC33C006D131C9DDA042C /* DayChipBar.swift in Sources */ = {isa = PBXBuildFile; fileRef = BAA9983C3B6D9D9B731F96F9 /* DayChipBar.swift */; };
		BC89E64DDA8A0975A83107D5 /* StackedForm.swift in Sources */ = {isa = PBXBuildFile; fileRef = 371FEFD498525E0EA4709909 /* StackedForm.swift */; };
		C4D03D83083C9022183ABEF2 /* TripPlanningModel.swift in Sources */ = {isa = PBXBuildFile; fileRef = 8238F43F540641D1FD4267BA /* TripPlanningModel.swift */; };
		C6651664BD80959BDC624431 /* IdeaPersistenceTests.swift in Sources */ = {isa = PBXBuildFile; fileRef = 51B1DF18254B63AD4237897B /* IdeaPersistenceTests.swift */; };
		CFF79112580C0EBC8D933DE2 /* IdeaDetailView.swift in Sources */ = {isa = PBXBuildFile; fileRef = 3F02C470667EF6E9AC8AC761 /* IdeaDetailView.swift */; };
		D1D88C6469FB21204DA80CA3 /* ReorderDifference+Apply.swift in Sources */ = {isa = PBXBuildFile; fileRef = 91589ABCCE6CEFC2EC1F72F4 /* ReorderDifference+Apply.swift */; };
		D992DF9897F424912B7ED10C /* TripBadgeView.swift in Sources */ = {isa = PBXBuildFile; fileRef = EC86C7931F1026669DFCE6AB /* TripBadgeView.swift */; };
		DA333E1DC58A089ED9E9C3E1 /* GalavantApp.swift in Sources */ = {isa = PBXBuildFile; fileRef = 43AABFB8B03E2303AECAF355 /* GalavantApp.swift */; };
		DA85FF15D14C272FA8D11E03 /* TripFormView.swift in Sources */ = {isa = PBXBuildFile; fileRef = 803A41898CEB755AAE0E4A68 /* TripFormView.swift */; };
		E0CB76C004B10C1F20EC249A /* IdeaFormView.swift in Sources */ = {isa = PBXBuildFile; fileRef = 9C956244AC0CCEFCA45A4128 /* IdeaFormView.swift */; };
		E38A40C5C21F4D1087CDE391 /* GalavantShare.appex in Embed Foundation Extensions */ = {isa = PBXBuildFile; fileRef = 5F046B49AE38F92268A2FA12 /* GalavantShare.appex */; settings = {ATTRIBUTES = (RemoveHeadersOnCopy, ); }; };
		F009B3192D02321202419379 /* ShareViewController.swift in Sources */ = {isa = PBXBuildFile; fileRef = C5AD27A1248EEA1D9B580277 /* ShareViewController.swift */; };
		F03422C3671BFFD56B78737A /* TripCanvasMapView.swift in Sources */ = {isa = PBXBuildFile; fileRef = ED4DA130D3A7069430825C31 /* TripCanvasMapView.swift */; };
		F236D648886F9BA4EF2CCCCB /* GalavantPlaces in Frameworks */ = {isa = PBXBuildFile; productRef = C94234B5AEF12EA0F921B5B0 /* GalavantPlaces */; };
		F41E8D178B9FE462E5E797F5 /* AppContainer.swift in Sources */ = {isa = PBXBuildFile; fileRef = EA2BBF3B289FD7D02957833B /* AppContainer.swift */; };
/* End PBXBuildFile section */

/* Begin PBXContainerItemProxy section */
		5579862B2324A9ED729664DF /* PBXContainerItemProxy */ = {
			isa = PBXContainerItemProxy;
			containerPortal = 4696E494F4F89DBC9D49F7C9 /* Project object */;
			proxyType = 1;
			remoteGlobalIDString = 2A483A405202F2FF5C8B5D34;
			remoteInfo = Galavant;
		};
		6EE4A9EB2443E18E0F1263E8 /* PBXContainerItemProxy */ = {
			isa = PBXContainerItemProxy;
			containerPortal = 4696E494F4F89DBC9D49F7C9 /* Project object */;
			proxyType = 1;
			remoteGlobalIDString = 6CECB534761064AC5A66DA2C;
			remoteInfo = GalavantShare;
		};
/* End PBXContainerItemProxy section */

/* Begin PBXCopyFilesBuildPhase section */
		4B35866B68AEE8CE816377C9 /* Embed Foundation Extensions */ = {
			isa = PBXCopyFilesBuildPhase;
			buildActionMask = 2147483647;
			dstPath = "";
			dstSubfolderSpec = 13;
			files = (
				E38A40C5C21F4D1087CDE391 /* GalavantShare.appex in Embed Foundation Extensions */,
			);
			name = "Embed Foundation Extensions";
			runOnlyForDeploymentPostprocessing = 0;
		};
/* End PBXCopyFilesBuildPhase section */

/* Begin PBXFileReference section */
		00154E6FD53486C6ECD8CBD9 /* PoolIdentityUITests.swift */ = {isa = PBXFileReference; lastKnownFileType = sourcecode.swift; path = PoolIdentityUITests.swift; sourceTree = "<group>"; };
		07A4BE5288975EEF3DA91B16 /* TripDetailContent.swift */ = {isa = PBXFileReference; lastKnownFileType = sourcecode.swift; path = TripDetailContent.swift; sourceTree = "<group>"; };
		07FF30B2A97AE7158A524026 /* TripsListModel.swift */ = {isa = PBXFileReference; lastKnownFileType = sourcecode.swift; path = TripsListModel.swift; sourceTree = "<group>"; };
		080E46AACA8A4087FB22F116 /* Assets.xcassets */ = {isa = PBXFileReference; lastKnownFileType = folder.assetcatalog; path = Assets.xcassets; sourceTree = "<group>"; };
		08F3A8C38B6B2977E3D8153F /* TripPlanningView.swift */ = {isa = PBXFileReference; lastKnownFileType = sourcecode.swift; path = TripPlanningView.swift; sourceTree = "<group>"; };
		0CA9E000AA9AEEE1E3D68F79 /* GalavantUITests.xctest */ = {isa = PBXFileReference; includeInIndex = 0; lastKnownFileType = wrapper.cfbundle; path = GalavantUITests.xctest; sourceTree = BUILT_PRODUCTS_DIR; };
		1695AB3D2AB3EA477F82CC7F /* CaptureConfirmView.swift */ = {isa = PBXFileReference; lastKnownFileType = sourcecode.swift; path = CaptureConfirmView.swift; sourceTree = "<group>"; };
		1791F203077D8B7907351B9F /* PoolMapView.swift */ = {isa = PBXFileReference; lastKnownFileType = sourcecode.swift; path = PoolMapView.swift; sourceTree = "<group>"; };
		17EBCBAEA0AF8C840A0DA921 /* PoolMapUITests.swift */ = {isa = PBXFileReference; lastKnownFileType = sourcecode.swift; path = PoolMapUITests.swift; sourceTree = "<group>"; };
		1D62672E298B917B0707B6F4 /* TagManagerView.swift */ = {isa = PBXFileReference; lastKnownFileType = sourcecode.swift; path = TagManagerView.swift; sourceTree = "<group>"; };
		1DAC9E1A5ABDBDA4BAAC80BB /* TripRow.swift */ = {isa = PBXFileReference; lastKnownFileType = sourcecode.swift; path = TripRow.swift; sourceTree = "<group>"; };
		1EF8BE4704C36D1A6FFB14D6 /* IdeaRow.swift */ = {isa = PBXFileReference; lastKnownFileType = sourcecode.swift; path = IdeaRow.swift; sourceTree = "<group>"; };
		292BC932AEA1B53EB11DA125 /* InterestView.swift */ = {isa = PBXFileReference; lastKnownFileType = sourcecode.swift; path = InterestView.swift; sourceTree = "<group>"; };
		2CD37357C07AFC3DAE3CDAE7 /* DemoFixtures.swift */ = {isa = PBXFileReference; lastKnownFileType = sourcecode.swift; path = DemoFixtures.swift; sourceTree = "<group>"; };
		371FEFD498525E0EA4709909 /* StackedForm.swift */ = {isa = PBXFileReference; lastKnownFileType = sourcecode.swift; path = StackedForm.swift; sourceTree = "<group>"; };
		386282278C0DEBD19BF1925E /* DirectionsClient.swift */ = {isa = PBXFileReference; lastKnownFileType = sourcecode.swift; path = DirectionsClient.swift; sourceTree = "<group>"; };
		3DD1C2B139D03095F082D99E /* CertaintyStyle.swift */ = {isa = PBXFileReference; lastKnownFileType = sourcecode.swift; path = CertaintyStyle.swift; sourceTree = "<group>"; };
		3F02C470667EF6E9AC8AC761 /* IdeaDetailView.swift */ = {isa = PBXFileReference; lastKnownFileType = sourcecode.swift; path = IdeaDetailView.swift; sourceTree = "<group>"; };
		409050F2DDFD762C631818CF /* IdeaCoordinate.swift */ = {isa = PBXFileReference; lastKnownFileType = sourcecode.swift; path = IdeaCoordinate.swift; sourceTree = "<group>"; };
		43AABFB8B03E2303AECAF355 /* GalavantApp.swift */ = {isa = PBXFileReference; lastKnownFileType = sourcecode.swift; path = GalavantApp.swift; sourceTree = "<group>"; };
		43D5D11997CB5E747A590622 /* CaptureExtraction.swift */ = {isa = PBXFileReference; lastKnownFileType = sourcecode.swift; path = CaptureExtraction.swift; sourceTree = "<group>"; };
		51B1DF18254B63AD4237897B /* IdeaPersistenceTests.swift */ = {isa = PBXFileReference; lastKnownFileType = sourcecode.swift; path = IdeaPersistenceTests.swift; sourceTree = "<group>"; };
		5F046B49AE38F92268A2FA12 /* GalavantShare.appex */ = {isa = PBXFileReference; includeInIndex = 0; lastKnownFileType = "wrapper.app-extension"; path = GalavantShare.appex; sourceTree = BUILT_PRODUCTS_DIR; };
		6839D17655A85296477C1D5D /* TripItineraryView.swift */ = {isa = PBXFileReference; lastKnownFileType = sourcecode.swift; path = TripItineraryView.swift; sourceTree = "<group>"; };
		74F16970DCFE2E14E475DB66 /* TripPlanningSheets.swift */ = {isa = PBXFileReference; lastKnownFileType = sourcecode.swift; path = TripPlanningSheets.swift; sourceTree = "<group>"; };
		803A41898CEB755AAE0E4A68 /* TripFormView.swift */ = {isa = PBXFileReference; lastKnownFileType = sourcecode.swift; path = TripFormView.swift; sourceTree = "<group>"; };
		8238F43F540641D1FD4267BA /* TripPlanningModel.swift */ = {isa = PBXFileReference; lastKnownFileType = sourcecode.swift; path = TripPlanningModel.swift; sourceTree = "<group>"; };
		82AECABDADDBF8957A5816F8 /* AppScreen.swift */ = {isa = PBXFileReference; lastKnownFileType = sourcecode.swift; path = AppScreen.swift; sourceTree = "<group>"; };
		8801598C4F33B73A51ADB464 /* LocationSearchView.swift */ = {isa = PBXFileReference; lastKnownFileType = sourcecode.swift; path = LocationSearchView.swift; sourceTree = "<group>"; };
		8885060D462E6E53320A2831 /* ShareSeedTests.swift */ = {isa = PBXFileReference; lastKnownFileType = sourcecode.swift; path = ShareSeedTests.swift; sourceTree = "<group>"; };
		895F90CCD6B6EE453DBD785D /* PoolFlowUITests.swift */ = {isa = PBXFileReference; lastKnownFileType = sourcecode.swift; path = PoolFlowUITests.swift; sourceTree = "<group>"; };
		91589ABCCE6CEFC2EC1F72F4 /* ReorderDifference+Apply.swift */ = {isa = PBXFileReference; lastKnownFileType = sourcecode.swift; path = "ReorderDifference+Apply.swift"; sourceTree = "<group>"; };
		92EB0541350B5FCB540931D3 /* Info.plist */ = {isa = PBXFileReference; lastKnownFileType = text.plist; path = Info.plist; sourceTree = "<group>"; };
		95C568B98EA55277C2DDA065 /* DayPalette.swift */ = {isa = PBXFileReference; lastKnownFileType = sourcecode.swift; path = DayPalette.swift; sourceTree = "<group>"; };
		97954EEA93EDDCB81E746016 /* PlanningRow.swift */ = {isa = PBXFileReference; lastKnownFileType = sourcecode.swift; path = PlanningRow.swift; sourceTree = "<group>"; };
		99EE3153CDA64E66C39149A9 /* IdeaFormModel.swift */ = {isa = PBXFileReference; lastKnownFileType = sourcecode.swift; path = IdeaFormModel.swift; sourceTree = "<group>"; };
		9C956244AC0CCEFCA45A4128 /* IdeaFormView.swift */ = {isa = PBXFileReference; lastKnownFileType = sourcecode.swift; path = IdeaFormView.swift; sourceTree = "<group>"; };
		A20DAF6B7A5F203899F4C780 /* TripFormModel.swift */ = {isa = PBXFileReference; lastKnownFileType = sourcecode.swift; path = TripFormModel.swift; sourceTree = "<group>"; };
		AD3E24952C44337E688A4D00 /* Galavant.app */ = {isa = PBXFileReference; includeInIndex = 0; lastKnownFileType = wrapper.application; path = Galavant.app; sourceTree = BUILT_PRODUCTS_DIR; };
		B15DFF6883F3077AA8D6C591 /* StopMenu.swift */ = {isa = PBXFileReference; lastKnownFileType = sourcecode.swift; path = StopMenu.swift; sourceTree = "<group>"; };
		BA0BD75B2D9BBEA758A6A8DA /* TripIdeasView.swift */ = {isa = PBXFileReference; lastKnownFileType = sourcecode.swift; path = TripIdeasView.swift; sourceTree = "<group>"; };
		BAA9983C3B6D9D9B731F96F9 /* DayChipBar.swift */ = {isa = PBXFileReference; lastKnownFileType = sourcecode.swift; path = DayChipBar.swift; sourceTree = "<group>"; };
		BC5C21FC298AEA29CFE09DC6 /* TripsScreen.swift */ = {isa = PBXFileReference; lastKnownFileType = sourcecode.swift; path = TripsScreen.swift; sourceTree = "<group>"; };
		C071E50FDA62E29FC448F993 /* GalavantLibrary */ = {isa = PBXFileReference; lastKnownFileType = folder; name = GalavantLibrary; path = GalavantLibrary; sourceTree = SOURCE_ROOT; };
		C0A1B810182571FD874E4261 /* SyncSeedTests.swift */ = {isa = PBXFileReference; lastKnownFileType = sourcecode.swift; path = SyncSeedTests.swift; sourceTree = "<group>"; };
		C5AD27A1248EEA1D9B580277 /* ShareViewController.swift */ = {isa = PBXFileReference; lastKnownFileType = sourcecode.swift; path = ShareViewController.swift; sourceTree = "<group>"; };
		CC16D0C39AA361A09737B45F /* Galavant.entitlements */ = {isa = PBXFileReference; lastKnownFileType = text.plist.entitlements; path = Galavant.entitlements; sourceTree = "<group>"; };
		D180C34C8C9F3983F7CF9CFB /* ExtensionPreProcessing.js */ = {isa = PBXFileReference; lastKnownFileType = sourcecode.javascript; path = ExtensionPreProcessing.js; sourceTree = "<group>"; };
		D3BFE6AAFB0EDC36E3BB7755 /* GalavantShare.entitlements */ = {isa = PBXFileReference; lastKnownFileType = text.plist.entitlements; path = GalavantShare.entitlements; sourceTree = "<group>"; };
		D8A01FBA56D01193ABBE48E6 /* Info.plist */ = {isa = PBXFileReference; lastKnownFileType = text.plist; path = Info.plist; sourceTree = "<group>"; };
		E049286F9F226AF86DA12541 /* IdentityView.swift */ = {isa = PBXFileReference; lastKnownFileType = sourcecode.swift; path = IdentityView.swift; sourceTree = "<group>"; };
		E0587DE2E1AA61B9BD3D0073 /* RegionManagerView.swift */ = {isa = PBXFileReference; lastKnownFileType = sourcecode.swift; path = RegionManagerView.swift; sourceTree = "<group>"; };
		E13450922E6B719B55DC57BC /* IdeasScreen.swift */ = {isa = PBXFileReference; lastKnownFileType = sourcecode.swift; path = IdeasScreen.swift; sourceTree = "<group>"; };
		E146770B6C9957BA19FC94EC /* IdeasListModel.swift */ = {isa = PBXFileReference; lastKnownFileType = sourcecode.swift; path = IdeasListModel.swift; sourceTree = "<group>"; };
		E35BE6CD061373B731E38031 /* SequencePin.swift */ = {isa = PBXFileReference; lastKnownFileType = sourcecode.swift; path = SequencePin.swift; sourceTree = "<group>"; };
		EA2BBF3B289FD7D02957833B /* AppContainer.swift */ = {isa = PBXFileReference; lastKnownFileType = sourcecode.swift; path = AppContainer.swift; sourceTree = "<group>"; };
		EC86C7931F1026669DFCE6AB /* TripBadgeView.swift */ = {isa = PBXFileReference; lastKnownFileType = sourcecode.swift; path = TripBadgeView.swift; sourceTree = "<group>"; };
		ED4DA130D3A7069430825C31 /* TripCanvasMapView.swift */ = {isa = PBXFileReference; lastKnownFileType = sourcecode.swift; path = TripCanvasMapView.swift; sourceTree = "<group>"; };
		EDA439EDEF5339154F3D8C08 /* PrefersTabNavigation.swift */ = {isa = PBXFileReference; lastKnownFileType = sourcecode.swift; path = PrefersTabNavigation.swift; sourceTree = "<group>"; };
		EF388F1C56D173F7C5F3079C /* Icon.swift */ = {isa = PBXFileReference; lastKnownFileType = sourcecode.swift; path = Icon.swift; sourceTree = "<group>"; };
		EF473C91775923ADF6F5FDEF /* AppRouter.swift */ = {isa = PBXFileReference; lastKnownFileType = sourcecode.swift; path = AppRouter.swift; sourceTree = "<group>"; };
/* End PBXFileReference section */

/* Begin PBXFrameworksBuildPhase section */
		23269B85E5C3F8F33B45F7CC /* Frameworks */ = {
			isa = PBXFrameworksBuildPhase;
			buildActionMask = 2147483647;
			files = (
				0BB238241FF15660518799F8 /* GalavantSchema in Frameworks */,
				F236D648886F9BA4EF2CCCCB /* GalavantPlaces in Frameworks */,
				626DB4453DDF7BA57BE9AF1C /* SQLiteData in Frameworks */,
				82FB0503EEB4041AC202479B /* SwiftUINavigation in Frameworks */,
				666F98ED751CC0C6994CFED4 /* Dependencies in Frameworks */,
				52949A4330FDF85D0EBF5AEA /* CasePaths in Frameworks */,
				3B4EC7EE202BCED566C99202 /* Sharing in Frameworks */,
			);
			runOnlyForDeploymentPostprocessing = 0;
		};
		BE824697E86120D8991480F9 /* Frameworks */ = {
			isa = PBXFrameworksBuildPhase;
			buildActionMask = 2147483647;
			files = (
				242EC6987A08C0DCEBF3BC64 /* GalavantPlaces in Frameworks */,
				12F45B75F8F418158124463E /* GalavantSchema in Frameworks */,
				79754521E12644FF3AA51458 /* SQLiteData in Frameworks */,
				0A4F2D930190CC5D4B629BCC /* Dependencies in Frameworks */,
			);
			runOnlyForDeploymentPostprocessing = 0;
		};
/* End PBXFrameworksBuildPhase section */

/* Begin PBXGroup section */
		03D3B4DD92E3024BD94B2AD0 /* GalavantUITests */ = {
			isa = PBXGroup;
			children = (
				51B1DF18254B63AD4237897B /* IdeaPersistenceTests.swift */,
				895F90CCD6B6EE453DBD785D /* PoolFlowUITests.swift */,
				00154E6FD53486C6ECD8CBD9 /* PoolIdentityUITests.swift */,
				17EBCBAEA0AF8C840A0DA921 /* PoolMapUITests.swift */,
				8885060D462E6E53320A2831 /* ShareSeedTests.swift */,
				C0A1B810182571FD874E4261 /* SyncSeedTests.swift */,
			);
			path = GalavantUITests;
			sourceTree = "<group>";
		};
		06CC7970885A2A93954BDEB4 /* Products */ = {
			isa = PBXGroup;
			children = (
				AD3E24952C44337E688A4D00 /* Galavant.app */,
				5F046B49AE38F92268A2FA12 /* GalavantShare.appex */,
				0CA9E000AA9AEEE1E3D68F79 /* GalavantUITests.xctest */,
			);
			name = Products;
			sourceTree = "<group>";
		};
		0A7131DDBE2DA42C9D03DE1A /* GalavantShare */ = {
			isa = PBXGroup;
			children = (
				1695AB3D2AB3EA477F82CC7F /* CaptureConfirmView.swift */,
				43D5D11997CB5E747A590622 /* CaptureExtraction.swift */,
				D180C34C8C9F3983F7CF9CFB /* ExtensionPreProcessing.js */,
				D3BFE6AAFB0EDC36E3BB7755 /* GalavantShare.entitlements */,
				92EB0541350B5FCB540931D3 /* Info.plist */,
				8801598C4F33B73A51ADB464 /* LocationSearchView.swift */,
				C5AD27A1248EEA1D9B580277 /* ShareViewController.swift */,
			);
			path = GalavantShare;
			sourceTree = "<group>";
		};
		121203D1BD1798441D7EDF35 = {
			isa = PBXGroup;
			children = (
				BDAA34A104A70523CB975F25 /* Galavant */,
				0A7131DDBE2DA42C9D03DE1A /* GalavantShare */,
				03D3B4DD92E3024BD94B2AD0 /* GalavantUITests */,
				AFE599FCAD0B477B7D5AF155 /* Packages */,
				06CC7970885A2A93954BDEB4 /* Products */,
			);
			sourceTree = "<group>";
		};
		1D327EC924239E80FD30ED50 /* Trips */ = {
			isa = PBXGroup;
			children = (
				BAA9983C3B6D9D9B731F96F9 /* DayChipBar.swift */,
				95C568B98EA55277C2DDA065 /* DayPalette.swift */,
				386282278C0DEBD19BF1925E /* DirectionsClient.swift */,
				97954EEA93EDDCB81E746016 /* PlanningRow.swift */,
				91589ABCCE6CEFC2EC1F72F4 /* ReorderDifference+Apply.swift */,
				E35BE6CD061373B731E38031 /* SequencePin.swift */,
				B15DFF6883F3077AA8D6C591 /* StopMenu.swift */,
				ED4DA130D3A7069430825C31 /* TripCanvasMapView.swift */,
				07A4BE5288975EEF3DA91B16 /* TripDetailContent.swift */,
				A20DAF6B7A5F203899F4C780 /* TripFormModel.swift */,
				803A41898CEB755AAE0E4A68 /* TripFormView.swift */,
				BA0BD75B2D9BBEA758A6A8DA /* TripIdeasView.swift */,
				6839D17655A85296477C1D5D /* TripItineraryView.swift */,
				8238F43F540641D1FD4267BA /* TripPlanningModel.swift */,
				74F16970DCFE2E14E475DB66 /* TripPlanningSheets.swift */,
				08F3A8C38B6B2977E3D8153F /* TripPlanningView.swift */,
				1DAC9E1A5ABDBDA4BAAC80BB /* TripRow.swift */,
				07FF30B2A97AE7158A524026 /* TripsListModel.swift */,
				BC5C21FC298AEA29CFE09DC6 /* TripsScreen.swift */,
			);
			path = Trips;
			sourceTree = "<group>";
		};
		64DB71B050831FD651A208C0 /* Design */ = {
			isa = PBXGroup;
			children = (
				3DD1C2B139D03095F082D99E /* CertaintyStyle.swift */,
				EF388F1C56D173F7C5F3079C /* Icon.swift */,
				371FEFD498525E0EA4709909 /* StackedForm.swift */,
			);
			path = Design;
			sourceTree = "<group>";
		};
		8A59619B26A61F0401533CF9 /* Navigation */ = {
			isa = PBXGroup;
			children = (
				EA2BBF3B289FD7D02957833B /* AppContainer.swift */,
				EF473C91775923ADF6F5FDEF /* AppRouter.swift */,
				82AECABDADDBF8957A5816F8 /* AppScreen.swift */,
				EDA439EDEF5339154F3D8C08 /* PrefersTabNavigation.swift */,
			);
			path = Navigation;
			sourceTree = "<group>";
		};
		AFE599FCAD0B477B7D5AF155 /* Packages */ = {
			isa = PBXGroup;
			children = (
				C071E50FDA62E29FC448F993 /* GalavantLibrary */,
			);
			name = Packages;
			sourceTree = "<group>";
		};
		BDAA34A104A70523CB975F25 /* Galavant */ = {
			isa = PBXGroup;
			children = (
				080E46AACA8A4087FB22F116 /* Assets.xcassets */,
				2CD37357C07AFC3DAE3CDAE7 /* DemoFixtures.swift */,
				CC16D0C39AA361A09737B45F /* Galavant.entitlements */,
				43AABFB8B03E2303AECAF355 /* GalavantApp.swift */,
				D8A01FBA56D01193ABBE48E6 /* Info.plist */,
				64DB71B050831FD651A208C0 /* Design */,
				E74AA89EA770500888848A49 /* Ideas */,
				8A59619B26A61F0401533CF9 /* Navigation */,
				1D327EC924239E80FD30ED50 /* Trips */,
			);
			path = Galavant;
			sourceTree = "<group>";
		};
		E74AA89EA770500888848A49 /* Ideas */ = {
			isa = PBXGroup;
			children = (
				409050F2DDFD762C631818CF /* IdeaCoordinate.swift */,
				3F02C470667EF6E9AC8AC761 /* IdeaDetailView.swift */,
				99EE3153CDA64E66C39149A9 /* IdeaFormModel.swift */,
				9C956244AC0CCEFCA45A4128 /* IdeaFormView.swift */,
				1EF8BE4704C36D1A6FFB14D6 /* IdeaRow.swift */,
				E146770B6C9957BA19FC94EC /* IdeasListModel.swift */,
				E13450922E6B719B55DC57BC /* IdeasScreen.swift */,
				E049286F9F226AF86DA12541 /* IdentityView.swift */,
				292BC932AEA1B53EB11DA125 /* InterestView.swift */,
				1791F203077D8B7907351B9F /* PoolMapView.swift */,
				E0587DE2E1AA61B9BD3D0073 /* RegionManagerView.swift */,
				1D62672E298B917B0707B6F4 /* TagManagerView.swift */,
				EC86C7931F1026669DFCE6AB /* TripBadgeView.swift */,
			);
			path = Ideas;
			sourceTree = "<group>";
		};
/* End PBXGroup section */

/* Begin PBXNativeTarget section */
		2A483A405202F2FF5C8B5D34 /* Galavant */ = {
			isa = PBXNativeTarget;
			buildConfigurationList = EAD5BF75CB8F44EB52C03EF0 /* Build configuration list for PBXNativeTarget "Galavant" */;
			buildPhases = (
				F8E30F23C156A9EC20413957 /* Sources */,
				2E0D9F53CF2C3F1A912170B3 /* Resources */,
				23269B85E5C3F8F33B45F7CC /* Frameworks */,
				4B35866B68AEE8CE816377C9 /* Embed Foundation Extensions */,
			);
			buildRules = (
			);
			dependencies = (
				2D9FD84D1F7411A4874F44E3 /* PBXTargetDependency */,
			);
			name = Galavant;
			packageProductDependencies = (
				9CF31E175F7DCB4D59EAF394 /* GalavantSchema */,
				C94234B5AEF12EA0F921B5B0 /* GalavantPlaces */,
				A641D3ABA375BA009278F435 /* SQLiteData */,
				A0C2774E35241633FE89B7A7 /* SwiftUINavigation */,
				45E72731DDF6FA076EAEC92F /* Dependencies */,
				26D83C2182F9FE47C3A1CA25 /* CasePaths */,
				5A93A34322120B8F1DC99E7B /* Sharing */,
			);
			productName = Galavant;
			productReference = AD3E24952C44337E688A4D00 /* Galavant.app */;
			productType = "com.apple.product-type.application";
		};
		6CECB534761064AC5A66DA2C /* GalavantShare */ = {
			isa = PBXNativeTarget;
			buildConfigurationList = 209BDBD3F006CEBAAF4C5E4E /* Build configuration list for PBXNativeTarget "GalavantShare" */;
			buildPhases = (
				FC4F051C00A1552B28BA70CA /* Sources */,
				25C952C6B4CE3EDFF2486499 /* Resources */,
				BE824697E86120D8991480F9 /* Frameworks */,
			);
			buildRules = (
			);
			dependencies = (
			);
			name = GalavantShare;
			packageProductDependencies = (
				6527A596FFD56B45F77446D0 /* GalavantPlaces */,
				F2CB005A8EB3216DE2ACF7EF /* GalavantSchema */,
				EB30B546BC69ECE08A9C6766 /* SQLiteData */,
				C6C18315C28F69E95AB54F85 /* Dependencies */,
			);
			productName = GalavantShare;
			productReference = 5F046B49AE38F92268A2FA12 /* GalavantShare.appex */;
			productType = "com.apple.product-type.app-extension";
		};
		CC0067D58A6E0F559D50EAD5 /* GalavantUITests */ = {
			isa = PBXNativeTarget;
			buildConfigurationList = B7F0AF13426F9E414BC95712 /* Build configuration list for PBXNativeTarget "GalavantUITests" */;
			buildPhases = (
				016DEDF0644AAC2CD9897DFE /* Sources */,
			);
			buildRules = (
			);
			dependencies = (
				E602B82C576FBE494DD41DE9 /* PBXTargetDependency */,
			);
			name = GalavantUITests;
			packageProductDependencies = (
			);
			productName = GalavantUITests;
			productReference = 0CA9E000AA9AEEE1E3D68F79 /* GalavantUITests.xctest */;
			productType = "com.apple.product-type.bundle.ui-testing";
		};
/* End PBXNativeTarget section */

/* Begin PBXProject section */
		4696E494F4F89DBC9D49F7C9 /* Project object */ = {
			isa = PBXProject;
			attributes = {
				BuildIndependentTargetsInParallel = YES;
				LastUpgradeCheck = 2700;
				TargetAttributes = {
					2A483A405202F2FF5C8B5D34 = {
						DevelopmentTeam = XZWX2M8H8V;
						ProvisioningStyle = Automatic;
					};
					6CECB534761064AC5A66DA2C = {
						DevelopmentTeam = XZWX2M8H8V;
						ProvisioningStyle = Automatic;
					};
					CC0067D58A6E0F559D50EAD5 = {
						DevelopmentTeam = XZWX2M8H8V;
						ProvisioningStyle = Automatic;
						TestTargetID = 2A483A405202F2FF5C8B5D34;
					};
				};
			};
			buildConfigurationList = F71C0522D2C02EC568E2BEA7 /* Build configuration list for PBXProject "Galavant" */;
			developmentRegion = en;
			hasScannedForEncodings = 0;
			knownRegions = (
				Base,
				en,
			);
			mainGroup = 121203D1BD1798441D7EDF35;
			minimizedProjectReferenceProxies = 1;
			packageReferences = (
				C5B07CA52890645ABF015544 /* XCRemoteSwiftPackageReference "sqlite-data" */,
				3D0FC9D09FB137795B0DD611 /* XCRemoteSwiftPackageReference "swift-case-paths" */,
				72A7015AEBE6B87356CCFD60 /* XCRemoteSwiftPackageReference "swift-dependencies" */,
				E0CE6503B137FDB710DCCCFE /* XCRemoteSwiftPackageReference "swift-navigation" */,
				13970F0E37C9FD2AC7DDBCFD /* XCRemoteSwiftPackageReference "swift-sharing" */,
				5228AC59CF5F59825B063F97 /* XCLocalSwiftPackageReference "GalavantLibrary" */,
			);
			preferredProjectObjectVersion = 77;
			productRefGroup = 06CC7970885A2A93954BDEB4 /* Products */;
			projectDirPath = "";
			projectRoot = "";
			targets = (
				2A483A405202F2FF5C8B5D34 /* Galavant */,
				6CECB534761064AC5A66DA2C /* GalavantShare */,
				CC0067D58A6E0F559D50EAD5 /* GalavantUITests */,
			);
		};
/* End PBXProject section */

/* Begin PBXResourcesBuildPhase section */
		25C952C6B4CE3EDFF2486499 /* Resources */ = {
			isa = PBXResourcesBuildPhase;
			buildActionMask = 2147483647;
			files = (
				B18CAB3F9D57980B501FEE56 /* ExtensionPreProcessing.js in Resources */,
			);
			runOnlyForDeploymentPostprocessing = 0;
		};
		2E0D9F53CF2C3F1A912170B3 /* Resources */ = {
			isa = PBXResourcesBuildPhase;
			buildActionMask = 2147483647;
			files = (
				A784199C3F004D6FA2D80B05 /* Assets.xcassets in Resources */,
			);
			runOnlyForDeploymentPostprocessing = 0;
		};
/* End PBXResourcesBuildPhase section */

/* Begin PBXSourcesBuildPhase section */
		016DEDF0644AAC2CD9897DFE /* Sources */ = {
			isa = PBXSourcesBuildPhase;
			buildActionMask = 2147483647;
			files = (
				C6651664BD80959BDC624431 /* IdeaPersistenceTests.swift in Sources */,
				4A303DECCB8DFE842751E12F /* PoolFlowUITests.swift in Sources */,
				163235D89FEB136F5C5F73ED /* PoolIdentityUITests.swift in Sources */,
				1C3D2E2D9EEF8BC709447AE6 /* PoolMapUITests.swift in Sources */,
				6DFEFA57B8BACC403A250F18 /* ShareSeedTests.swift in Sources */,
				A2E63468073408305AED0762 /* SyncSeedTests.swift in Sources */,
			);
			runOnlyForDeploymentPostprocessing = 0;
		};
		F8E30F23C156A9EC20413957 /* Sources */ = {
			isa = PBXSourcesBuildPhase;
			buildActionMask = 2147483647;
			files = (
				F41E8D178B9FE462E5E797F5 /* AppContainer.swift in Sources */,
				686D8E04502200DBC618B751 /* AppRouter.swift in Sources */,
				4FA9D5986A89B2B51B88F5C2 /* AppScreen.swift in Sources */,
				4171E2BF905DAB98B77389EB /* CertaintyStyle.swift in Sources */,
				BA6DC33C006D131C9DDA042C /* DayChipBar.swift in Sources */,
				35E279FA22C85810158AF02C /* DayPalette.swift in Sources */,
				9515962CEF69E6D64F9B0322 /* DemoFixtures.swift in Sources */,
				466236484A344B3C7C6F3823 /* DirectionsClient.swift in Sources */,
				DA333E1DC58A089ED9E9C3E1 /* GalavantApp.swift in Sources */,
				1AF90BB39A9A3751AA9A22E2 /* Icon.swift in Sources */,
				5FC0A092CF36738BE434FB6D /* IdeaCoordinate.swift in Sources */,
				CFF79112580C0EBC8D933DE2 /* IdeaDetailView.swift in Sources */,
				90C301112D6C03ED59D12E2C /* IdeaFormModel.swift in Sources */,
				E0CB76C004B10C1F20EC249A /* IdeaFormView.swift in Sources */,
				0D52F2373EEF284921180A85 /* IdeaRow.swift in Sources */,
				7B999C65BDCCA5657877F9CD /* IdeasListModel.swift in Sources */,
				3DF889FDCBE7A7C979E41F13 /* IdeasScreen.swift in Sources */,
				474250E4E109ADF7680100C1 /* IdentityView.swift in Sources */,
				4344BF96EA3F3DB017E4CCDF /* InterestView.swift in Sources */,
				A3E2170E96CDF9C7D76B89E6 /* PlanningRow.swift in Sources */,
				9C3779832B3D8728517D947A /* PoolMapView.swift in Sources */,
				25A7842AF8875EEF8BFA2887 /* PrefersTabNavigation.swift in Sources */,
				8E9C72B6E2A50CCF9129E6E1 /* RegionManagerView.swift in Sources */,
				D1D88C6469FB21204DA80CA3 /* ReorderDifference+Apply.swift in Sources */,
				7E07A0AB874D51E0DCAD3434 /* SequencePin.swift in Sources */,
				BC89E64DDA8A0975A83107D5 /* StackedForm.swift in Sources */,
				41630279DF880FB556B178CF /* StopMenu.swift in Sources */,
				17B078D23DE21D8057EEAD7B /* TagManagerView.swift in Sources */,
				D992DF9897F424912B7ED10C /* TripBadgeView.swift in Sources */,
				F03422C3671BFFD56B78737A /* TripCanvasMapView.swift in Sources */,
				A9D8F7500DA570A20F8DE8B1 /* TripDetailContent.swift in Sources */,
				4DAAA7D1E36518BAE6613248 /* TripFormModel.swift in Sources */,
				DA85FF15D14C272FA8D11E03 /* TripFormView.swift in Sources */,
				9946E181AD4D8380729C5D0E /* TripIdeasView.swift in Sources */,
				43267C623EF3B32592F6BCF0 /* TripItineraryView.swift in Sources */,
				C4D03D83083C9022183ABEF2 /* TripPlanningModel.swift in Sources */,
				A4CB29CDDE7511750823B841 /* TripPlanningSheets.swift in Sources */,
				7C7C4BB8F9D526D37F31BD66 /* TripPlanningView.swift in Sources */,
				08AB246AC84A27EE2FC5F8A7 /* TripRow.swift in Sources */,
				66E8ED4BF33E10641C5CA1D9 /* TripsListModel.swift in Sources */,
				9C1C9676A64367844856918E /* TripsScreen.swift in Sources */,
			);
			runOnlyForDeploymentPostprocessing = 0;
		};
		FC4F051C00A1552B28BA70CA /* Sources */ = {
			isa = PBXSourcesBuildPhase;
			buildActionMask = 2147483647;
			files = (
				AC8B63575425320FB0944F98 /* CaptureConfirmView.swift in Sources */,
				565E450BE96483372954E175 /* CaptureExtraction.swift in Sources */,
				A4448DAE88F06B031A6DBC1C /* LocationSearchView.swift in Sources */,
				F009B3192D02321202419379 /* ShareViewController.swift in Sources */,
			);
			runOnlyForDeploymentPostprocessing = 0;
		};
/* End PBXSourcesBuildPhase section */

/* Begin PBXTargetDependency section */
		2D9FD84D1F7411A4874F44E3 /* PBXTargetDependency */ = {
			isa = PBXTargetDependency;
			target = 6CECB534761064AC5A66DA2C /* GalavantShare */;
			targetProxy = 6EE4A9EB2443E18E0F1263E8 /* PBXContainerItemProxy */;
		};
		E602B82C576FBE494DD41DE9 /* PBXTargetDependency */ = {
			isa = PBXTargetDependency;
			target = 2A483A405202F2FF5C8B5D34 /* Galavant */;
			targetProxy = 5579862B2324A9ED729664DF /* PBXContainerItemProxy */;
		};
/* End PBXTargetDependency section */

/* Begin XCBuildConfiguration section */
		041B2B9CE245E8AE406D3D9C /* Debug */ = {
			isa = XCBuildConfiguration;
			buildSettings = {
				ALWAYS_SEARCH_USER_PATHS = NO;
				CLANG_ANALYZER_NONNULL = YES;
				CLANG_ANALYZER_NUMBER_OBJECT_CONVERSION = YES_AGGRESSIVE;
				CLANG_CXX_LANGUAGE_STANDARD = "gnu++14";
				CLANG_CXX_LIBRARY = "libc++";
				CLANG_ENABLE_MODULES = YES;
				CLANG_ENABLE_OBJC_ARC = YES;
				CLANG_ENABLE_OBJC_WEAK = YES;
				CLANG_WARN_BLOCK_CAPTURE_AUTORELEASING = YES;
				CLANG_WARN_BOOL_CONVERSION = YES;
				CLANG_WARN_COMMA = YES;
				CLANG_WARN_CONSTANT_CONVERSION = YES;
				CLANG_WARN_DEPRECATED_OBJC_IMPLEMENTATIONS = YES;
				CLANG_WARN_DIRECT_OBJC_ISA_USAGE = YES_ERROR;
				CLANG_WARN_DOCUMENTATION_COMMENTS = YES;
				CLANG_WARN_EMPTY_BODY = YES;
				CLANG_WARN_ENUM_CONVERSION = YES;
				CLANG_WARN_INFINITE_RECURSION = YES;
				CLANG_WARN_INT_CONVERSION = YES;
				CLANG_WARN_NON_LITERAL_NULL_CONVERSION = YES;
				CLANG_WARN_OBJC_IMPLICIT_RETAIN_SELF = YES;
				CLANG_WARN_OBJC_LITERAL_CONVERSION = YES;
				CLANG_WARN_OBJC_ROOT_CLASS = YES_ERROR;
				CLANG_WARN_QUOTED_INCLUDE_IN_FRAMEWORK_HEADER = YES;
				CLANG_WARN_RANGE_LOOP_ANALYSIS = YES;
				CLANG_WARN_STRICT_PROTOTYPES = YES;
				CLANG_WARN_SUSPICIOUS_MOVE = YES;
				CLANG_WARN_UNGUARDED_AVAILABILITY = YES_AGGRESSIVE;
				CLANG_WARN_UNREACHABLE_CODE = YES;
				CLANG_WARN__DUPLICATE_METHOD_MATCH = YES;
				CODE_SIGN_STYLE = Automatic;
				COPY_PHASE_STRIP = NO;
				CURRENT_PROJECT_VERSION = 1;
				DEBUG_INFORMATION_FORMAT = dwarf;
				DEVELOPMENT_TEAM = XZWX2M8H8V;
				ENABLE_STRICT_OBJC_MSGSEND = YES;
				ENABLE_TESTABILITY = YES;
				ENABLE_USER_SCRIPT_SANDBOXING = YES;
				GCC_C_LANGUAGE_STANDARD = gnu11;
				GCC_DYNAMIC_NO_PIC = NO;
				GCC_NO_COMMON_BLOCKS = YES;
				GCC_OPTIMIZATION_LEVEL = 0;
				GCC_PREPROCESSOR_DEFINITIONS = (
					"$(inherited)",
					"DEBUG=1",
				);
				GCC_WARN_64_TO_32_BIT_CONVERSION = YES;
				GCC_WARN_ABOUT_RETURN_TYPE = YES_ERROR;
				GCC_WARN_UNDECLARED_SELECTOR = YES;
				GCC_WARN_UNINITIALIZED_AUTOS = YES_AGGRESSIVE;
				GCC_WARN_UNUSED_FUNCTION = YES;
				GCC_WARN_UNUSED_VARIABLE = YES;
				IPHONEOS_DEPLOYMENT_TARGET = 27.0;
				MARKETING_VERSION = 0.1.0;
				MTL_ENABLE_DEBUG_INFO = INCLUDE_SOURCE;
				MTL_FAST_MATH = YES;
				ONLY_ACTIVE_ARCH = YES;
				PRODUCT_NAME = "$(TARGET_NAME)";
				SDKROOT = iphoneos;
				STRING_CATALOG_GENERATE_SYMBOLS = YES;
				SWIFT_ACTIVE_COMPILATION_CONDITIONS = DEBUG;
				SWIFT_OPTIMIZATION_LEVEL = "-Onone";
				SWIFT_VERSION = 6.0;
			};
			name = Debug;
		};
		109439E90A68DA518DD1B495 /* Release */ = {
			isa = XCBuildConfiguration;
			buildSettings = {
				BUNDLE_LOADER = "$(TEST_HOST)";
				GENERATE_INFOPLIST_FILE = YES;
				LD_RUNPATH_SEARCH_PATHS = (
					"$(inherited)",
					"@executable_path/Frameworks",
					"@loader_path/Frameworks",
				);
				PRODUCT_BUNDLE_IDENTIFIER = com.jonphillips.GalavantUITests;
				SDKROOT = iphoneos;
				TARGETED_DEVICE_FAMILY = "1,2";
				TEST_TARGET_NAME = Galavant;
			};
			name = Release;
		};
		11EDE90D99206503973452A4 /* Debug */ = {
			isa = XCBuildConfiguration;
			buildSettings = {
				BUNDLE_LOADER = "$(TEST_HOST)";
				GENERATE_INFOPLIST_FILE = YES;
				LD_RUNPATH_SEARCH_PATHS = (
					"$(inherited)",
					"@executable_path/Frameworks",
					"@loader_path/Frameworks",
				);
				PRODUCT_BUNDLE_IDENTIFIER = com.jonphillips.GalavantUITests;
				SDKROOT = iphoneos;
				TARGETED_DEVICE_FAMILY = "1,2";
				TEST_TARGET_NAME = Galavant;
			};
			name = Debug;
		};
		3506DC85F4A8CC5FBEAAEFEA /* Debug */ = {
			isa = XCBuildConfiguration;
			buildSettings = {
				CODE_SIGN_ENTITLEMENTS = GalavantShare/GalavantShare.entitlements;
				GENERATE_INFOPLIST_FILE = NO;
				INFOPLIST_FILE = GalavantShare/Info.plist;
				LD_RUNPATH_SEARCH_PATHS = (
					"$(inherited)",
					"@executable_path/Frameworks",
					"@executable_path/../../Frameworks",
				);
				PRODUCT_BUNDLE_IDENTIFIER = com.jonphillips.galavant.share;
				SDKROOT = iphoneos;
				TARGETED_DEVICE_FAMILY = "1,2";
			};
			name = Debug;
		};
		713726C24E5A67C0F4D7913A /* Release */ = {
			isa = XCBuildConfiguration;
			buildSettings = {
				CODE_SIGN_ENTITLEMENTS = GalavantShare/GalavantShare.entitlements;
				GENERATE_INFOPLIST_FILE = NO;
				INFOPLIST_FILE = GalavantShare/Info.plist;
				LD_RUNPATH_SEARCH_PATHS = (
					"$(inherited)",
					"@executable_path/Frameworks",
					"@executable_path/../../Frameworks",
				);
				PRODUCT_BUNDLE_IDENTIFIER = com.jonphillips.galavant.share;
				SDKROOT = iphoneos;
				TARGETED_DEVICE_FAMILY = "1,2";
			};
			name = Release;
		};
		BAE02772CAB7AE2CA434917E /* Debug */ = {
			isa = XCBuildConfiguration;
			buildSettings = {
				ASSETCATALOG_COMPILER_APPICON_NAME = AppIcon;
				CODE_SIGN_ENTITLEMENTS = Galavant/Galavant.entitlements;
				CODE_SIGN_IDENTITY = "iPhone Developer";
				INFOPLIST_FILE = Galavant/Info.plist;
				LD_RUNPATH_SEARCH_PATHS = (
					"$(inherited)",
					"@executable_path/Frameworks",
				);
				PRODUCT_BUNDLE_IDENTIFIER = com.jonphillips.galavant;
				SDKROOT = iphoneos;
				TARGETED_DEVICE_FAMILY = "1,2";
			};
			name = Debug;
		};
		C80B65706172C5578449AA7F /* Release */ = {
			isa = XCBuildConfiguration;
			buildSettings = {
				ALWAYS_SEARCH_USER_PATHS = NO;
				CLANG_ANALYZER_NONNULL = YES;
				CLANG_ANALYZER_NUMBER_OBJECT_CONVERSION = YES_AGGRESSIVE;
				CLANG_CXX_LANGUAGE_STANDARD = "gnu++14";
				CLANG_CXX_LIBRARY = "libc++";
				CLANG_ENABLE_MODULES = YES;
				CLANG_ENABLE_OBJC_ARC = YES;
				CLANG_ENABLE_OBJC_WEAK = YES;
				CLANG_WARN_BLOCK_CAPTURE_AUTORELEASING = YES;
				CLANG_WARN_BOOL_CONVERSION = YES;
				CLANG_WARN_COMMA = YES;
				CLANG_WARN_CONSTANT_CONVERSION = YES;
				CLANG_WARN_DEPRECATED_OBJC_IMPLEMENTATIONS = YES;
				CLANG_WARN_DIRECT_OBJC_ISA_USAGE = YES_ERROR;
				CLANG_WARN_DOCUMENTATION_COMMENTS = YES;
				CLANG_WARN_EMPTY_BODY = YES;
				CLANG_WARN_ENUM_CONVERSION = YES;
				CLANG_WARN_INFINITE_RECURSION = YES;
				CLANG_WARN_INT_CONVERSION = YES;
				CLANG_WARN_NON_LITERAL_NULL_CONVERSION = YES;
				CLANG_WARN_OBJC_IMPLICIT_RETAIN_SELF = YES;
				CLANG_WARN_OBJC_LITERAL_CONVERSION = YES;
				CLANG_WARN_OBJC_ROOT_CLASS = YES_ERROR;
				CLANG_WARN_QUOTED_INCLUDE_IN_FRAMEWORK_HEADER = YES;
				CLANG_WARN_RANGE_LOOP_ANALYSIS = YES;
				CLANG_WARN_STRICT_PROTOTYPES = YES;
				CLANG_WARN_SUSPICIOUS_MOVE = YES;
				CLANG_WARN_UNGUARDED_AVAILABILITY = YES_AGGRESSIVE;
				CLANG_WARN_UNREACHABLE_CODE = YES;
				CLANG_WARN__DUPLICATE_METHOD_MATCH = YES;
				CODE_SIGN_STYLE = Automatic;
				COPY_PHASE_STRIP = NO;
				CURRENT_PROJECT_VERSION = 1;
				DEBUG_INFORMATION_FORMAT = "dwarf-with-dsym";
				DEVELOPMENT_TEAM = XZWX2M8H8V;
				ENABLE_NS_ASSERTIONS = NO;
				ENABLE_STRICT_OBJC_MSGSEND = YES;
				ENABLE_USER_SCRIPT_SANDBOXING = YES;
				GCC_C_LANGUAGE_STANDARD = gnu11;
				GCC_NO_COMMON_BLOCKS = YES;
				GCC_WARN_64_TO_32_BIT_CONVERSION = YES;
				GCC_WARN_ABOUT_RETURN_TYPE = YES_ERROR;
				GCC_WARN_UNDECLARED_SELECTOR = YES;
				GCC_WARN_UNINITIALIZED_AUTOS = YES_AGGRESSIVE;
				GCC_WARN_UNUSED_FUNCTION = YES;
				GCC_WARN_UNUSED_VARIABLE = YES;
				IPHONEOS_DEPLOYMENT_TARGET = 27.0;
				MARKETING_VERSION = 0.1.0;
				MTL_ENABLE_DEBUG_INFO = NO;
				MTL_FAST_MATH = YES;
				PRODUCT_NAME = "$(TARGET_NAME)";
				SDKROOT = iphoneos;
				STRING_CATALOG_GENERATE_SYMBOLS = YES;
				SWIFT_COMPILATION_MODE = wholemodule;
				SWIFT_OPTIMIZATION_LEVEL = "-O";
				SWIFT_VERSION = 6.0;
			};
			name = Release;
		};
		DB0820B74B4582FECFAD49C5 /* Release */ = {
			isa = XCBuildConfiguration;
			buildSettings = {
				ASSETCATALOG_COMPILER_APPICON_NAME = AppIcon;
				CODE_SIGN_ENTITLEMENTS = Galavant/Galavant.entitlements;
				CODE_SIGN_IDENTITY = "iPhone Developer";
				INFOPLIST_FILE = Galavant/Info.plist;
				LD_RUNPATH_SEARCH_PATHS = (
					"$(inherited)",
					"@executable_path/Frameworks",
				);
				PRODUCT_BUNDLE_IDENTIFIER = com.jonphillips.galavant;
				SDKROOT = iphoneos;
				TARGETED_DEVICE_FAMILY = "1,2";
			};
			name = Release;
		};
/* End XCBuildConfiguration section */

/* Begin XCConfigurationList section */
		209BDBD3F006CEBAAF4C5E4E /* Build configuration list for PBXNativeTarget "GalavantShare" */ = {
			isa = XCConfigurationList;
			buildConfigurations = (
				3506DC85F4A8CC5FBEAAEFEA /* Debug */,
				713726C24E5A67C0F4D7913A /* Release */,
			);
			defaultConfigurationIsVisible = 0;
			defaultConfigurationName = Debug;
		};
		B7F0AF13426F9E414BC95712 /* Build configuration list for PBXNativeTarget "GalavantUITests" */ = {
			isa = XCConfigurationList;
			buildConfigurations = (
				11EDE90D99206503973452A4 /* Debug */,
				109439E90A68DA518DD1B495 /* Release */,
			);
			defaultConfigurationIsVisible = 0;
			defaultConfigurationName = Debug;
		};
		EAD5BF75CB8F44EB52C03EF0 /* Build configuration list for PBXNativeTarget "Galavant" */ = {
			isa = XCConfigurationList;
			buildConfigurations = (
				BAE02772CAB7AE2CA434917E /* Debug */,
				DB0820B74B4582FECFAD49C5 /* Release */,
			);
			defaultConfigurationIsVisible = 0;
			defaultConfigurationName = Debug;
		};
		F71C0522D2C02EC568E2BEA7 /* Build configuration list for PBXProject "Galavant" */ = {
			isa = XCConfigurationList;
			buildConfigurations = (
				041B2B9CE245E8AE406D3D9C /* Debug */,
				C80B65706172C5578449AA7F /* Release */,
			);
			defaultConfigurationIsVisible = 0;
			defaultConfigurationName = Debug;
		};
/* End XCConfigurationList section */

/* Begin XCLocalSwiftPackageReference section */
		5228AC59CF5F59825B063F97 /* XCLocalSwiftPackageReference "GalavantLibrary" */ = {
			isa = XCLocalSwiftPackageReference;
			relativePath = GalavantLibrary;
		};
/* End XCLocalSwiftPackageReference section */

/* Begin XCRemoteSwiftPackageReference section */
		13970F0E37C9FD2AC7DDBCFD /* XCRemoteSwiftPackageReference "swift-sharing" */ = {
			isa = XCRemoteSwiftPackageReference;
			repositoryURL = "https://github.com/pointfreeco/swift-sharing";
			requirement = {
				kind = upToNextMajorVersion;
				minimumVersion = 2.0.0;
			};
		};
		3D0FC9D09FB137795B0DD611 /* XCRemoteSwiftPackageReference "swift-case-paths" */ = {
			isa = XCRemoteSwiftPackageReference;
			repositoryURL = "https://github.com/pointfreeco/swift-case-paths";
			requirement = {
				kind = upToNextMajorVersion;
				minimumVersion = 1.0.0;
			};
		};
		72A7015AEBE6B87356CCFD60 /* XCRemoteSwiftPackageReference "swift-dependencies" */ = {
			isa = XCRemoteSwiftPackageReference;
			repositoryURL = "https://github.com/pointfreeco/swift-dependencies";
			requirement = {
				kind = upToNextMajorVersion;
				minimumVersion = 1.0.0;
			};
		};
		C5B07CA52890645ABF015544 /* XCRemoteSwiftPackageReference "sqlite-data" */ = {
			isa = XCRemoteSwiftPackageReference;
			repositoryURL = "https://github.com/pointfreeco/sqlite-data";
			requirement = {
				kind = upToNextMajorVersion;
				minimumVersion = 1.0.0;
			};
		};
		E0CE6503B137FDB710DCCCFE /* XCRemoteSwiftPackageReference "swift-navigation" */ = {
			isa = XCRemoteSwiftPackageReference;
			repositoryURL = "https://github.com/pointfreeco/swift-navigation";
			requirement = {
				kind = upToNextMajorVersion;
				minimumVersion = 2.0.0;
			};
		};
/* End XCRemoteSwiftPackageReference section */

/* Begin XCSwiftPackageProductDependency section */
		26D83C2182F9FE47C3A1CA25 /* CasePaths */ = {
			isa = XCSwiftPackageProductDependency;
			package = 3D0FC9D09FB137795B0DD611 /* XCRemoteSwiftPackageReference "swift-case-paths" */;
			productName = CasePaths;
		};
		45E72731DDF6FA076EAEC92F /* Dependencies */ = {
			isa = XCSwiftPackageProductDependency;
			package = 72A7015AEBE6B87356CCFD60 /* XCRemoteSwiftPackageReference "swift-dependencies" */;
			productName = Dependencies;
		};
		5A93A34322120B8F1DC99E7B /* Sharing */ = {
			isa = XCSwiftPackageProductDependency;
			package = 13970F0E37C9FD2AC7DDBCFD /* XCRemoteSwiftPackageReference "swift-sharing" */;
			productName = Sharing;
		};
		6527A596FFD56B45F77446D0 /* GalavantPlaces */ = {
			isa = XCSwiftPackageProductDependency;
			productName = GalavantPlaces;
		};
		9CF31E175F7DCB4D59EAF394 /* GalavantSchema */ = {
			isa = XCSwiftPackageProductDependency;
			productName = GalavantSchema;
		};
		A0C2774E35241633FE89B7A7 /* SwiftUINavigation */ = {
			isa = XCSwiftPackageProductDependency;
			package = E0CE6503B137FDB710DCCCFE /* XCRemoteSwiftPackageReference "swift-navigation" */;
			productName = SwiftUINavigation;
		};
		A641D3ABA375BA009278F435 /* SQLiteData */ = {
			isa = XCSwiftPackageProductDependency;
			package = C5B07CA52890645ABF015544 /* XCRemoteSwiftPackageReference "sqlite-data" */;
			productName = SQLiteData;
		};
		C6C18315C28F69E95AB54F85 /* Dependencies */ = {
			isa = XCSwiftPackageProductDependency;
			package = 72A7015AEBE6B87356CCFD60 /* XCRemoteSwiftPackageReference "swift-dependencies" */;
			productName = Dependencies;
		};
		C94234B5AEF12EA0F921B5B0 /* GalavantPlaces */ = {
			isa = XCSwiftPackageProductDependency;
			productName = GalavantPlaces;
		};
		EB30B546BC69ECE08A9C6766 /* SQLiteData */ = {
			isa = XCSwiftPackageProductDependency;
			package = C5B07CA52890645ABF015544 /* XCRemoteSwiftPackageReference "sqlite-data" */;
			productName = SQLiteData;
		};
		F2CB005A8EB3216DE2ACF7EF /* GalavantSchema */ = {
			isa = XCSwiftPackageProductDependency;
			productName = GalavantSchema;
		};
/* End XCSwiftPackageProductDependency section */
	};
	rootObject = 4696E494F4F89DBC9D49F7C9 /* Project object */;
}
